<?xml version="1.0" encoding="utf-8"?>
<Project ToolsVersion="4.0" xmlns="http://schemas.microsoft.com/developer/msbuild/2003">
  <ItemGroup>
    <Filter Include="Source files">
      <UniqueIdentifier>{91065872-9bf1-4029-bd4a-e71c96cf8414}</UniqueIdentifier>
      <Extensions>cpp;c;cc;cxx;def;odl;idl;hpj;bat;asm;asmx</Extensions>
    </Filter>
    <Filter Include="Header files">
      <UniqueIdentifier>{98f4f6d6-41b2-44e4-bad3-7cd3934433b9}</UniqueIdentifier>
      <Extensions>h;hpp;hxx;hm;inl;inc;xsd</Extensions>
    </Filter>
    <Filter Include="Resource files">
      <UniqueIdentifier>{02c7f588-1c3d-47c9-b14c-ac553678989b}</UniqueIdentifier>
      <Extensions>rc;ico;cur;bmp;dlg;rc2;rct;bin;rgs;gif;jpg;jpeg;jpe;resx;tiff;tif;png;wav</Extensions>
    </Filter>
    <Filter Include="Source files\Device-specific files">
      <UniqueIdentifier>{daab2e37-a272-4bf5-bfab-1874ba796c66}</UniqueIdentifier>
    </Filter>
    <Filter Include="Source files\Device-specific files\FreeRTOS">
      <UniqueIdentifier>{04d75660-9333-45d1-8333-94b4454aa618}</UniqueIdentifier>
    </Filter>
    <Filter Include="Source files\Device-specific files\HAL">
      <UniqueIdentifier>{f357f6b8-0b56-46c6-8b26-0ba92c66252d}</UniqueIdentifier>
    </Filter>
    <Filter Include="Source files\Device-specific files\LL">
      <UniqueIdentifier>{341ed02e-d2c5-46d2-8737-20a22b70348e}</UniqueIdentifier>
    </Filter>
    <Filter Include="Header files\Device-specific files">
      <UniqueIdentifier>{0ab02724-ee6f-46e5-8dfa-db5ed92aa0f7}</UniqueIdentifier>
    </Filter>
    <Filter Include="Header files\Device-specific files\FreeRTOS">
      <UniqueIdentifier>{d0a029ee-00e1-4f30-a790-075d94f6308f}</UniqueIdentifier>
    </Filter>
    <Filter Include="Header files\Device-specific files\HAL">
      <UniqueIdentifier>{110ece8f-0ad2-4be0-983d-a6a412fd199e}</UniqueIdentifier>
    </Filter>
    <Filter Include="Header files\Device-specific files\LL">
      <UniqueIdentifier>{97a45c03-2297-42f2-b0a1-f2f1ad034cb3}</UniqueIdentifier>
    </Filter>
    <Filter Include="VisualGDB settings">
      <UniqueIdentifier>{398258cc-0723-4a35-bd3b-0c7162779bb2}</UniqueIdentifier>
    </Filter>
    <Filter Include="Source files\LVGL">
      <UniqueIdentifier>{c5f4686f-c035-4e2d-a564-4d6ccf3290e8}</UniqueIdentifier>
    </Filter>
    <Filter Include="Header files\LVGL">
      <UniqueIdentifier>{f8464c04-3dca-4461-9a9e-54d55990c73c}</UniqueIdentifier>
    </Filter>
    <Filter Include="Source files\LVGL\core">
      <UniqueIdentifier>{6fad064a-2e1e-4d18-b63d-4e7e0311d508}</UniqueIdentifier>
    </Filter>
    <Filter Include="Source files\LVGL\draw">
      <UniqueIdentifier>{afb4cfcb-780a-4adc-b31c-e1ff97885dfa}</UniqueIdentifier>
    </Filter>
    <Filter Include="Source files\LVGL\font">
      <UniqueIdentifier>{16d7c787-1164-424c-a55d-2886d75acde9}</UniqueIdentifier>
    </Filter>
    <Filter Include="Source files\LVGL\hal">
      <UniqueIdentifier>{78f7ca82-0908-44cf-9ef8-34b7f726d7af}</UniqueIdentifier>
    </Filter>
    <Filter Include="Source files\LVGL\misc">
      <UniqueIdentifier>{55490ff0-fc56-4210-98ee-9c7c22fd2a6f}</UniqueIdentifier>
    </Filter>
    <Filter Include="Source files\LVGL\widgets">
      <UniqueIdentifier>{a3fcff32-35c4-4257-9653-3258b818af5a}</UniqueIdentifier>
    </Filter>
    <Filter Include="Source files\LVGL\extra">
      <UniqueIdentifier>{e2cf7ee7-9490-402b-aec3-7711f23f68ed}</UniqueIdentifier>
    </Filter>
    <Filter Include="Source files\LVGL\extra\widgets">
      <UniqueIdentifier>{07490526-9b1e-41c0-b2cc-56ec38d35854}</UniqueIdentifier>
    </Filter>
    <Filter Include="Source files\LVGL\extra\widgets\animimg">
      <UniqueIdentifier>{eb20d5c3-22d3-4100-9dcb-164c9a6c7e95}</UniqueIdentifier>
    </Filter>
    <Filter Include="Source files\LVGL\extra\widgets\calendar">
      <UniqueIdentifier>{6f8123da-a4fc-46e7-8396-16d53d7c17df}</UniqueIdentifier>
    </Filter>
    <Filter Include="Source files\LVGL\extra\widgets\chart">
      <UniqueIdentifier>{655353a4-470a-41ed-8b53-54fb548460d5}</UniqueIdentifier>
    </Filter>
    <Filter Include="Source files\LVGL\extra\widgets\colorwheel">
      <UniqueIdentifier>{80f84566-3fec-463d-bf0d-6a3b253e5fe7}</UniqueIdentifier>
    </Filter>
    <Filter Include="Source files\LVGL\extra\widgets\imgbtn">
      <UniqueIdentifier>{5f9099e0-8939-46a9-b01e-eac530af3ad8}</UniqueIdentifier>
    </Filter>
    <Filter Include="Source files\LVGL\extra\widgets\keyboard">
      <UniqueIdentifier>{5b6e91ac-a371-4f2b-b6fe-ad1de93d20b0}</UniqueIdentifier>
    </Filter>
    <Filter Include="Source files\LVGL\extra\widgets\led">
      <UniqueIdentifier>{3d8bc02c-4988-462d-9878-87c12cdb4b83}</UniqueIdentifier>
    </Filter>
    <Filter Include="Source files\LVGL\extra\widgets\list">
      <UniqueIdentifier>{4aaaac6a-bc7e-49fe-a194-7140d8558507}</UniqueIdentifier>
    </Filter>
    <Filter Include="Source files\LVGL\extra\widgets\menu">
      <UniqueIdentifier>{ebc7b725-ecf0-46e4-b37c-7510a855ad70}</UniqueIdentifier>
    </Filter>
    <Filter Include="Source files\LVGL\extra\widgets\meter">
      <UniqueIdentifier>{0c488568-fde0-4fd7-a8cd-61e19fcf5a0a}</UniqueIdentifier>
    </Filter>
    <Filter Include="Source files\LVGL\extra\widgets\msgbox">
      <UniqueIdentifier>{4149530f-2f33-45a6-b1f6-ecc3f887802a}</UniqueIdentifier>
    </Filter>
    <Filter Include="Source files\LVGL\extra\widgets\span">
      <UniqueIdentifier>{f31469a7-52d2-409a-aaa2-53b942f0f691}</UniqueIdentifier>
    </Filter>
    <Filter Include="Source files\LVGL\extra\widgets\spinbox">
      <UniqueIdentifier>{dfa3539d-dac2-452c-bcab-29722ac08b89}</UniqueIdentifier>
    </Filter>
    <Filter Include="Source files\LVGL\extra\widgets\spinner">
      <UniqueIdentifier>{6a98c16c-4953-498c-9227-8a57d7ec67b7}</UniqueIdentifier>
    </Filter>
    <Filter Include="Source files\LVGL\extra\widgets\tabview">
      <UniqueIdentifier>{a54789f1-1924-423b-85f4-c5aa5e453e8a}</UniqueIdentifier>
    </Filter>
    <Filter Include="Source files\LVGL\extra\widgets\tileview">
      <UniqueIdentifier>{691c8fe7-1e2f-4757-a9ac-4252b28594c4}</UniqueIdentifier>
    </Filter>
    <Filter Include="Source files\LVGL\extra\widgets\win">
      <UniqueIdentifier>{acf3b0ce-c951-4e1f-ac93-419011d16182}</UniqueIdentifier>
    </Filter>
    <Filter Include="Source files\LVGL\extra\layouts">
      <UniqueIdentifier>{b7daaac9-a970-4b1b-ac21-3c7be10aa0f7}</UniqueIdentifier>
    </Filter>
    <Filter Include="Source files\LVGL\extra\layouts\flex">
      <UniqueIdentifier>{b89083a6-a68c-4fe2-a2f9-67516f1da097}</UniqueIdentifier>
    </Filter>
    <Filter Include="Source files\LVGL\extra\layouts\grid">
      <UniqueIdentifier>{ac13e500-b28f-4593-897e-9b67c55917c2}</UniqueIdentifier>
    </Filter>
  </ItemGroup>
  <ItemGroup>
    <ClCompile Include="DemoBoard.c">
      <Filter>Source files</Filter>
    </ClCompile>
    <ClCompile Include="system_stm32h7xx.c">
      <Filter>Source files</Filter>
    </ClCompile>
    <None Include="stm32.props">
      <Filter>Source files\Device-specific files</Filter>
    </None>
    <ClCompile Include="$(BSP_ROOT)\STM32H7xxxx\StartupFiles\startup_stm32h750xx.c">
      <Filter>Source files\Device-specific files</Filter>
    </ClCompile>
    <ClCompile Include="$(BSP_ROOT)\FreeRTOS\Source\croutine.c">
      <Filter>Source files\Device-specific files\FreeRTOS</Filter>
    </ClCompile>
    <ClCompile Include="$(BSP_ROOT)\FreeRTOS\Source\event_groups.c">
      <Filter>Source files\Device-specific files\FreeRTOS</Filter>
    </ClCompile>
    <None Include="$(BSP_ROOT)\FreeRTOS\Source\History.txt">
      <Filter>Source files\Device-specific files\FreeRTOS</Filter>
    </None>
    <ClCompile Include="$(BSP_ROOT)\FreeRTOS\Source\list.c">
      <Filter>Source files\Device-specific files\FreeRTOS</Filter>
    </ClCompile>
    <ClCompile Include="$(BSP_ROOT)\FreeRTOS\Source\queue.c">
      <Filter>Source files\Device-specific files\FreeRTOS</Filter>
    </ClCompile>
    <None Include="$(BSP_ROOT)\FreeRTOS\Source\portable\GCC\ARM_CM7\ReadMe.txt">
      <Filter>Source files\Device-specific files\FreeRTOS</Filter>
    </None>
    <ClCompile Include="$(BSP_ROOT)\FreeRTOS\Source\stream_buffer.c">
      <Filter>Source files\Device-specific files\FreeRTOS</Filter>
    </ClCompile>
    <None Include="$(BSP_ROOT)\FreeRTOS\Source\st_readme.txt">
      <Filter>Source files\Device-specific files\FreeRTOS</Filter>
    </None>
    <ClCompile Include="$(BSP_ROOT)\FreeRTOS\Source\tasks.c">
      <Filter>Source files\Device-specific files\FreeRTOS</Filter>
    </ClCompile>
    <ClCompile Include="$(BSP_ROOT)\FreeRTOS\Source\timers.c">
      <Filter>Source files\Device-specific files\FreeRTOS</Filter>
    </ClCompile>
    <ClCompile Include="$(BSP_ROOT)\FreeRTOS\Source\CMSIS_RTOS\cmsis_os.c">
      <Filter>Source files\Device-specific files\FreeRTOS</Filter>
    </ClCompile>
    <ClCompile Include="$(BSP_ROOT)\FreeRTOS\Source\portable\GCC\ARM_CM7\r0p1\port.c">
      <Filter>Source files\Device-specific files\FreeRTOS</Filter>
    </ClCompile>
    <ClCompile Include="$(BSP_ROOT)\FreeRTOS\Source\portable\MemMang\heap_4.c">
      <Filter>Source files\Device-specific files\FreeRTOS</Filter>
    </ClCompile>
    <ClCompile Include="$(BSP_ROOT)\STM32H7xxxx\STM32H7xx_HAL_Driver\Src\stm32h7xx_hal.c">
      <Filter>Source files\Device-specific files\HAL</Filter>
    </ClCompile>
    <ClCompile Include="$(BSP_ROOT)\STM32H7xxxx\STM32H7xx_HAL_Driver\Src\stm32h7xx_hal_adc.c">
      <Filter>Source files\Device-specific files\HAL</Filter>
    </ClCompile>
    <ClCompile Include="$(BSP_ROOT)\STM32H7xxxx\STM32H7xx_HAL_Driver\Src\stm32h7xx_hal_adc_ex.c">
      <Filter>Source files\Device-specific files\HAL</Filter>
    </ClCompile>
    <ClCompile Include="$(BSP_ROOT)\STM32H7xxxx\STM32H7xx_HAL_Driver\Src\stm32h7xx_hal_cec.c">
      <Filter>Source files\Device-specific files\HAL</Filter>
    </ClCompile>
    <ClCompile Include="$(BSP_ROOT)\STM32H7xxxx\STM32H7xx_HAL_Driver\Src\stm32h7xx_hal_comp.c">
      <Filter>Source files\Device-specific files\HAL</Filter>
    </ClCompile>
    <ClCompile Include="$(BSP_ROOT)\STM32H7xxxx\STM32H7xx_HAL_Driver\Src\stm32h7xx_hal_cordic.c">
      <Filter>Source files\Device-specific files\HAL</Filter>
    </ClCompile>
    <ClCompile Include="$(BSP_ROOT)\STM32H7xxxx\STM32H7xx_HAL_Driver\Src\stm32h7xx_hal_cortex.c">
      <Filter>Source files\Device-specific files\HAL</Filter>
    </ClCompile>
    <ClCompile Include="$(BSP_ROOT)\STM32H7xxxx\STM32H7xx_HAL_Driver\Src\stm32h7xx_hal_crc.c">
      <Filter>Source files\Device-specific files\HAL</Filter>
    </ClCompile>
    <ClCompile Include="$(BSP_ROOT)\STM32H7xxxx\STM32H7xx_HAL_Driver\Src\stm32h7xx_hal_crc_ex.c">
      <Filter>Source files\Device-specific files\HAL</Filter>
    </ClCompile>
    <ClCompile Include="$(BSP_ROOT)\STM32H7xxxx\STM32H7xx_HAL_Driver\Src\stm32h7xx_hal_cryp.c">
      <Filter>Source files\Device-specific files\HAL</Filter>
    </ClCompile>
    <ClCompile Include="$(BSP_ROOT)\STM32H7xxxx\STM32H7xx_HAL_Driver\Src\stm32h7xx_hal_cryp_ex.c">
      <Filter>Source files\Device-specific files\HAL</Filter>
    </ClCompile>
    <ClCompile Include="$(BSP_ROOT)\STM32H7xxxx\STM32H7xx_HAL_Driver\Src\stm32h7xx_hal_dac.c">
      <Filter>Source files\Device-specific files\HAL</Filter>
    </ClCompile>
    <ClCompile Include="$(BSP_ROOT)\STM32H7xxxx\STM32H7xx_HAL_Driver\Src\stm32h7xx_hal_dac_ex.c">
      <Filter>Source files\Device-specific files\HAL</Filter>
    </ClCompile>
    <ClCompile Include="$(BSP_ROOT)\STM32H7xxxx\STM32H7xx_HAL_Driver\Src\stm32h7xx_hal_dcmi.c">
      <Filter>Source files\Device-specific files\HAL</Filter>
    </ClCompile>
    <ClCompile Include="$(BSP_ROOT)\STM32H7xxxx\STM32H7xx_HAL_Driver\Src\stm32h7xx_hal_dfsdm.c">
      <Filter>Source files\Device-specific files\HAL</Filter>
    </ClCompile>
    <ClCompile Include="$(BSP_ROOT)\STM32H7xxxx\STM32H7xx_HAL_Driver\Src\stm32h7xx_hal_dfsdm_ex.c">
      <Filter>Source files\Device-specific files\HAL</Filter>
    </ClCompile>
    <ClCompile Include="$(BSP_ROOT)\STM32H7xxxx\STM32H7xx_HAL_Driver\Src\stm32h7xx_hal_dma.c">
      <Filter>Source files\Device-specific files\HAL</Filter>
    </ClCompile>
    <ClCompile Include="$(BSP_ROOT)\STM32H7xxxx\STM32H7xx_HAL_Driver\Src\stm32h7xx_hal_dma2d.c">
      <Filter>Source files\Device-specific files\HAL</Filter>
    </ClCompile>
    <ClCompile Include="$(BSP_ROOT)\STM32H7xxxx\STM32H7xx_HAL_Driver\Src\stm32h7xx_hal_dma_ex.c">
      <Filter>Source files\Device-specific files\HAL</Filter>
    </ClCompile>
    <ClCompile Include="$(BSP_ROOT)\STM32H7xxxx\STM32H7xx_HAL_Driver\Src\stm32h7xx_hal_dsi.c">
      <Filter>Source files\Device-specific files\HAL</Filter>
    </ClCompile>
    <ClCompile Include="$(BSP_ROOT)\STM32H7xxxx\STM32H7xx_HAL_Driver\Src\stm32h7xx_hal_dts.c">
      <Filter>Source files\Device-specific files\HAL</Filter>
    </ClCompile>
    <ClCompile Include="$(BSP_ROOT)\STM32H7xxxx\STM32H7xx_HAL_Driver\Src\stm32h7xx_hal_eth.c">
      <Filter>Source files\Device-specific files\HAL</Filter>
    </ClCompile>
    <ClCompile Include="$(BSP_ROOT)\STM32H7xxxx\STM32H7xx_HAL_Driver\Src\stm32h7xx_hal_eth_ex.c">
      <Filter>Source files\Device-specific files\HAL</Filter>
    </ClCompile>
    <ClCompile Include="$(BSP_ROOT)\STM32H7xxxx\STM32H7xx_HAL_Driver\Src\stm32h7xx_hal_exti.c">
      <Filter>Source files\Device-specific files\HAL</Filter>
    </ClCompile>
    <ClCompile Include="$(BSP_ROOT)\STM32H7xxxx\STM32H7xx_HAL_Driver\Src\stm32h7xx_hal_fdcan.c">
      <Filter>Source files\Device-specific files\HAL</Filter>
    </ClCompile>
    <ClCompile Include="$(BSP_ROOT)\STM32H7xxxx\STM32H7xx_HAL_Driver\Src\stm32h7xx_hal_flash.c">
      <Filter>Source files\Device-specific files\HAL</Filter>
    </ClCompile>
    <ClCompile Include="$(BSP_ROOT)\STM32H7xxxx\STM32H7xx_HAL_Driver\Src\stm32h7xx_hal_flash_ex.c">
      <Filter>Source files\Device-specific files\HAL</Filter>
    </ClCompile>
    <ClCompile Include="$(BSP_ROOT)\STM32H7xxxx\STM32H7xx_HAL_Driver\Src\stm32h7xx_hal_fmac.c">
      <Filter>Source files\Device-specific files\HAL</Filter>
    </ClCompile>
    <ClCompile Include="$(BSP_ROOT)\STM32H7xxxx\STM32H7xx_HAL_Driver\Src\stm32h7xx_hal_gfxmmu.c">
      <Filter>Source files\Device-specific files\HAL</Filter>
    </ClCompile>
    <ClCompile Include="$(BSP_ROOT)\STM32H7xxxx\STM32H7xx_HAL_Driver\Src\stm32h7xx_hal_gpio.c">
      <Filter>Source files\Device-specific files\HAL</Filter>
    </ClCompile>
    <ClCompile Include="$(BSP_ROOT)\STM32H7xxxx\STM32H7xx_HAL_Driver\Src\stm32h7xx_hal_hash.c">
      <Filter>Source files\Device-specific files\HAL</Filter>
    </ClCompile>
    <ClCompile Include="$(BSP_ROOT)\STM32H7xxxx\STM32H7xx_HAL_Driver\Src\stm32h7xx_hal_hash_ex.c">
      <Filter>Source files\Device-specific files\HAL</Filter>
    </ClCompile>
    <ClCompile Include="$(BSP_ROOT)\STM32H7xxxx\STM32H7xx_HAL_Driver\Src\stm32h7xx_hal_hcd.c">
      <Filter>Source files\Device-specific files\HAL</Filter>
    </ClCompile>
    <ClCompile Include="$(BSP_ROOT)\STM32H7xxxx\STM32H7xx_HAL_Driver\Src\stm32h7xx_hal_hrtim.c">
      <Filter>Source files\Device-specific files\HAL</Filter>
    </ClCompile>
    <ClCompile Include="$(BSP_ROOT)\STM32H7xxxx\STM32H7xx_HAL_Driver\Src\stm32h7xx_hal_hsem.c">
      <Filter>Source files\Device-specific files\HAL</Filter>
    </ClCompile>
    <ClCompile Include="$(BSP_ROOT)\STM32H7xxxx\STM32H7xx_HAL_Driver\Src\stm32h7xx_hal_i2c.c">
      <Filter>Source files\Device-specific files\HAL</Filter>
    </ClCompile>
    <ClCompile Include="$(BSP_ROOT)\STM32H7xxxx\STM32H7xx_HAL_Driver\Src\stm32h7xx_hal_i2c_ex.c">
      <Filter>Source files\Device-specific files\HAL</Filter>
    </ClCompile>
    <ClCompile Include="$(BSP_ROOT)\STM32H7xxxx\STM32H7xx_HAL_Driver\Src\stm32h7xx_hal_i2s.c">
      <Filter>Source files\Device-specific files\HAL</Filter>
    </ClCompile>
    <ClCompile Include="$(BSP_ROOT)\STM32H7xxxx\STM32H7xx_HAL_Driver\Src\stm32h7xx_hal_i2s_ex.c">
      <Filter>Source files\Device-specific files\HAL</Filter>
    </ClCompile>
    <ClCompile Include="$(BSP_ROOT)\STM32H7xxxx\STM32H7xx_HAL_Driver\Src\stm32h7xx_hal_irda.c">
      <Filter>Source files\Device-specific files\HAL</Filter>
    </ClCompile>
    <ClCompile Include="$(BSP_ROOT)\STM32H7xxxx\STM32H7xx_HAL_Driver\Src\stm32h7xx_hal_iwdg.c">
      <Filter>Source files\Device-specific files\HAL</Filter>
    </ClCompile>
    <ClCompile Include="$(BSP_ROOT)\STM32H7xxxx\STM32H7xx_HAL_Driver\Src\stm32h7xx_hal_jpeg.c">
      <Filter>Source files\Device-specific files\HAL</Filter>
    </ClCompile>
    <ClCompile Include="$(BSP_ROOT)\STM32H7xxxx\STM32H7xx_HAL_Driver\Src\stm32h7xx_hal_lptim.c">
      <Filter>Source files\Device-specific files\HAL</Filter>
    </ClCompile>
    <ClCompile Include="$(BSP_ROOT)\STM32H7xxxx\STM32H7xx_HAL_Driver\Src\stm32h7xx_hal_ltdc.c">
      <Filter>Source files\Device-specific files\HAL</Filter>
    </ClCompile>
    <ClCompile Include="$(BSP_ROOT)\STM32H7xxxx\STM32H7xx_HAL_Driver\Src\stm32h7xx_hal_ltdc_ex.c">
      <Filter>Source files\Device-specific files\HAL</Filter>
    </ClCompile>
    <ClCompile Include="$(BSP_ROOT)\STM32H7xxxx\STM32H7xx_HAL_Driver\Src\stm32h7xx_hal_mdios.c">
      <Filter>Source files\Device-specific files\HAL</Filter>
    </ClCompile>
    <ClCompile Include="$(BSP_ROOT)\STM32H7xxxx\STM32H7xx_HAL_Driver\Src\stm32h7xx_hal_mdma.c">
      <Filter>Source files\Device-specific files\HAL</Filter>
    </ClCompile>
    <ClCompile Include="$(BSP_ROOT)\STM32H7xxxx\STM32H7xx_HAL_Driver\Src\stm32h7xx_hal_mmc.c">
      <Filter>Source files\Device-specific files\HAL</Filter>
    </ClCompile>
    <ClCompile Include="$(BSP_ROOT)\STM32H7xxxx\STM32H7xx_HAL_Driver\Src\stm32h7xx_hal_mmc_ex.c">
      <Filter>Source files\Device-specific files\HAL</Filter>
    </ClCompile>
    <ClCompile Include="$(BSP_ROOT)\STM32H7xxxx\STM32H7xx_HAL_Driver\Src\stm32h7xx_hal_nand.c">
      <Filter>Source files\Device-specific files\HAL</Filter>
    </ClCompile>
    <ClCompile Include="$(BSP_ROOT)\STM32H7xxxx\STM32H7xx_HAL_Driver\Src\stm32h7xx_hal_nor.c">
      <Filter>Source files\Device-specific files\HAL</Filter>
    </ClCompile>
    <ClCompile Include="$(BSP_ROOT)\STM32H7xxxx\STM32H7xx_HAL_Driver\Src\stm32h7xx_hal_opamp.c">
      <Filter>Source files\Device-specific files\HAL</Filter>
    </ClCompile>
    <ClCompile Include="$(BSP_ROOT)\STM32H7xxxx\STM32H7xx_HAL_Driver\Src\stm32h7xx_hal_opamp_ex.c">
      <Filter>Source files\Device-specific files\HAL</Filter>
    </ClCompile>
    <ClCompile Include="$(BSP_ROOT)\STM32H7xxxx\STM32H7xx_HAL_Driver\Src\stm32h7xx_hal_ospi.c">
      <Filter>Source files\Device-specific files\HAL</Filter>
    </ClCompile>
    <ClCompile Include="$(BSP_ROOT)\STM32H7xxxx\STM32H7xx_HAL_Driver\Src\stm32h7xx_hal_otfdec.c">
      <Filter>Source files\Device-specific files\HAL</Filter>
    </ClCompile>
    <ClCompile Include="$(BSP_ROOT)\STM32H7xxxx\STM32H7xx_HAL_Driver\Src\stm32h7xx_hal_pcd.c">
      <Filter>Source files\Device-specific files\HAL</Filter>
    </ClCompile>
    <ClCompile Include="$(BSP_ROOT)\STM32H7xxxx\STM32H7xx_HAL_Driver\Src\stm32h7xx_hal_pcd_ex.c">
      <Filter>Source files\Device-specific files\HAL</Filter>
    </ClCompile>
    <ClCompile Include="$(BSP_ROOT)\STM32H7xxxx\STM32H7xx_HAL_Driver\Src\stm32h7xx_hal_pssi.c">
      <Filter>Source files\Device-specific files\HAL</Filter>
    </ClCompile>
    <ClCompile Include="$(BSP_ROOT)\STM32H7xxxx\STM32H7xx_HAL_Driver\Src\stm32h7xx_hal_pwr.c">
      <Filter>Source files\Device-specific files\HAL</Filter>
    </ClCompile>
    <ClCompile Include="$(BSP_ROOT)\STM32H7xxxx\STM32H7xx_HAL_Driver\Src\stm32h7xx_hal_pwr_ex.c">
      <Filter>Source files\Device-specific files\HAL</Filter>
    </ClCompile>
    <ClCompile Include="$(BSP_ROOT)\STM32H7xxxx\STM32H7xx_HAL_Driver\Src\stm32h7xx_hal_qspi.c">
      <Filter>Source files\Device-specific files\HAL</Filter>
    </ClCompile>
    <ClCompile Include="$(BSP_ROOT)\STM32H7xxxx\STM32H7xx_HAL_Driver\Src\stm32h7xx_hal_ramecc.c">
      <Filter>Source files\Device-specific files\HAL</Filter>
    </ClCompile>
    <ClCompile Include="$(BSP_ROOT)\STM32H7xxxx\STM32H7xx_HAL_Driver\Src\stm32h7xx_hal_rcc.c">
      <Filter>Source files\Device-specific files\HAL</Filter>
    </ClCompile>
    <ClCompile Include="$(BSP_ROOT)\STM32H7xxxx\STM32H7xx_HAL_Driver\Src\stm32h7xx_hal_rcc_ex.c">
      <Filter>Source files\Device-specific files\HAL</Filter>
    </ClCompile>
    <ClCompile Include="$(BSP_ROOT)\STM32H7xxxx\STM32H7xx_HAL_Driver\Src\stm32h7xx_hal_rng.c">
      <Filter>Source files\Device-specific files\HAL</Filter>
    </ClCompile>
    <ClCompile Include="$(BSP_ROOT)\STM32H7xxxx\STM32H7xx_HAL_Driver\Src\stm32h7xx_hal_rng_ex.c">
      <Filter>Source files\Device-specific files\HAL</Filter>
    </ClCompile>
    <ClCompile Include="$(BSP_ROOT)\STM32H7xxxx\STM32H7xx_HAL_Driver\Src\stm32h7xx_hal_rtc.c">
      <Filter>Source files\Device-specific files\HAL</Filter>
    </ClCompile>
    <ClCompile Include="$(BSP_ROOT)\STM32H7xxxx\STM32H7xx_HAL_Driver\Src\stm32h7xx_hal_rtc_ex.c">
      <Filter>Source files\Device-specific files\HAL</Filter>
    </ClCompile>
    <ClCompile Include="$(BSP_ROOT)\STM32H7xxxx\STM32H7xx_HAL_Driver\Src\stm32h7xx_hal_sai.c">
      <Filter>Source files\Device-specific files\HAL</Filter>
    </ClCompile>
    <ClCompile Include="$(BSP_ROOT)\STM32H7xxxx\STM32H7xx_HAL_Driver\Src\stm32h7xx_hal_sai_ex.c">
      <Filter>Source files\Device-specific files\HAL</Filter>
    </ClCompile>
    <ClCompile Include="$(BSP_ROOT)\STM32H7xxxx\STM32H7xx_HAL_Driver\Src\stm32h7xx_hal_sd.c">
      <Filter>Source files\Device-specific files\HAL</Filter>
    </ClCompile>
    <ClCompile Include="$(BSP_ROOT)\STM32H7xxxx\STM32H7xx_HAL_Driver\Src\stm32h7xx_hal_sdram.c">
      <Filter>Source files\Device-specific files\HAL</Filter>
    </ClCompile>
    <ClCompile Include="$(BSP_ROOT)\STM32H7xxxx\STM32H7xx_HAL_Driver\Src\stm32h7xx_hal_sd_ex.c">
      <Filter>Source files\Device-specific files\HAL</Filter>
    </ClCompile>
    <ClCompile Include="$(BSP_ROOT)\STM32H7xxxx\STM32H7xx_HAL_Driver\Src\stm32h7xx_hal_smartcard.c">
      <Filter>Source files\Device-specific files\HAL</Filter>
    </ClCompile>
    <ClCompile Include="$(BSP_ROOT)\STM32H7xxxx\STM32H7xx_HAL_Driver\Src\stm32h7xx_hal_smartcard_ex.c">
      <Filter>Source files\Device-specific files\HAL</Filter>
    </ClCompile>
    <ClCompile Include="$(BSP_ROOT)\STM32H7xxxx\STM32H7xx_HAL_Driver\Src\stm32h7xx_hal_smbus.c">
      <Filter>Source files\Device-specific files\HAL</Filter>
    </ClCompile>
    <ClCompile Include="$(BSP_ROOT)\STM32H7xxxx\STM32H7xx_HAL_Driver\Src\stm32h7xx_hal_spdifrx.c">
      <Filter>Source files\Device-specific files\HAL</Filter>
    </ClCompile>
    <ClCompile Include="$(BSP_ROOT)\STM32H7xxxx\STM32H7xx_HAL_Driver\Src\stm32h7xx_hal_spi.c">
      <Filter>Source files\Device-specific files\HAL</Filter>
    </ClCompile>
    <ClCompile Include="$(BSP_ROOT)\STM32H7xxxx\STM32H7xx_HAL_Driver\Src\stm32h7xx_hal_spi_ex.c">
      <Filter>Source files\Device-specific files\HAL</Filter>
    </ClCompile>
    <ClCompile Include="$(BSP_ROOT)\STM32H7xxxx\STM32H7xx_HAL_Driver\Src\stm32h7xx_hal_sram.c">
      <Filter>Source files\Device-specific files\HAL</Filter>
    </ClCompile>
    <ClCompile Include="$(BSP_ROOT)\STM32H7xxxx\STM32H7xx_HAL_Driver\Src\stm32h7xx_hal_swpmi.c">
      <Filter>Source files\Device-specific files\HAL</Filter>
    </ClCompile>
    <ClCompile Include="$(BSP_ROOT)\STM32H7xxxx\STM32H7xx_HAL_Driver\Src\stm32h7xx_hal_tim.c">
      <Filter>Source files\Device-specific files\HAL</Filter>
    </ClCompile>
    <ClCompile Include="$(BSP_ROOT)\STM32H7xxxx\STM32H7xx_HAL_Driver\Src\stm32h7xx_hal_tim_ex.c">
      <Filter>Source files\Device-specific files\HAL</Filter>
    </ClCompile>
    <ClCompile Include="$(BSP_ROOT)\STM32H7xxxx\STM32H7xx_HAL_Driver\Src\stm32h7xx_hal_uart.c">
      <Filter>Source files\Device-specific files\HAL</Filter>
    </ClCompile>
    <ClCompile Include="$(BSP_ROOT)\STM32H7xxxx\STM32H7xx_HAL_Driver\Src\stm32h7xx_hal_uart_ex.c">
      <Filter>Source files\Device-specific files\HAL</Filter>
    </ClCompile>
    <ClCompile Include="$(BSP_ROOT)\STM32H7xxxx\STM32H7xx_HAL_Driver\Src\stm32h7xx_hal_usart.c">
      <Filter>Source files\Device-specific files\HAL</Filter>
    </ClCompile>
    <ClCompile Include="$(BSP_ROOT)\STM32H7xxxx\STM32H7xx_HAL_Driver\Src\stm32h7xx_hal_usart_ex.c">
      <Filter>Source files\Device-specific files\HAL</Filter>
    </ClCompile>
    <ClCompile Include="$(BSP_ROOT)\STM32H7xxxx\STM32H7xx_HAL_Driver\Src\stm32h7xx_hal_wwdg.c">
      <Filter>Source files\Device-specific files\HAL</Filter>
    </ClCompile>
    <ClCompile Include="$(BSP_ROOT)\STM32H7xxxx\STM32H7xx_HAL_Driver\Src\stm32h7xx_ll_usb.c">
      <Filter>Source files\Device-specific files\HAL</Filter>
    </ClCompile>
    <ClCompile Include="$(BSP_ROOT)\STM32H7xxxx\STM32H7xx_HAL_Driver\Src\stm32h7xx_ll_adc.c">
      <Filter>Source files\Device-specific files\LL</Filter>
    </ClCompile>
    <ClCompile Include="$(BSP_ROOT)\STM32H7xxxx\STM32H7xx_HAL_Driver\Src\stm32h7xx_ll_bdma.c">
      <Filter>Source files\Device-specific files\LL</Filter>
    </ClCompile>
    <ClCompile Include="$(BSP_ROOT)\STM32H7xxxx\STM32H7xx_HAL_Driver\Src\stm32h7xx_ll_comp.c">
      <Filter>Source files\Device-specific files\LL</Filter>
    </ClCompile>
    <ClCompile Include="$(BSP_ROOT)\STM32H7xxxx\STM32H7xx_HAL_Driver\Src\stm32h7xx_ll_cordic.c">
      <Filter>Source files\Device-specific files\LL</Filter>
    </ClCompile>
    <ClCompile Include="$(BSP_ROOT)\STM32H7xxxx\STM32H7xx_HAL_Driver\Src\stm32h7xx_ll_crc.c">
      <Filter>Source files\Device-specific files\LL</Filter>
    </ClCompile>
    <ClCompile Include="$(BSP_ROOT)\STM32H7xxxx\STM32H7xx_HAL_Driver\Src\stm32h7xx_ll_crs.c">
      <Filter>Source files\Device-specific files\LL</Filter>
    </ClCompile>
    <ClCompile Include="$(BSP_ROOT)\STM32H7xxxx\STM32H7xx_HAL_Driver\Src\stm32h7xx_ll_dac.c">
      <Filter>Source files\Device-specific files\LL</Filter>
    </ClCompile>
    <ClCompile Include="$(BSP_ROOT)\STM32H7xxxx\STM32H7xx_HAL_Driver\Src\stm32h7xx_ll_delayblock.c">
      <Filter>Source files\Device-specific files\LL</Filter>
    </ClCompile>
    <ClCompile Include="$(BSP_ROOT)\STM32H7xxxx\STM32H7xx_HAL_Driver\Src\stm32h7xx_ll_dma.c">
      <Filter>Source files\Device-specific files\LL</Filter>
    </ClCompile>
    <ClCompile Include="$(BSP_ROOT)\STM32H7xxxx\STM32H7xx_HAL_Driver\Src\stm32h7xx_ll_dma2d.c">
      <Filter>Source files\Device-specific files\LL</Filter>
    </ClCompile>
    <ClCompile Include="$(BSP_ROOT)\STM32H7xxxx\STM32H7xx_HAL_Driver\Src\stm32h7xx_ll_exti.c">
      <Filter>Source files\Device-specific files\LL</Filter>
    </ClCompile>
    <ClCompile Include="$(BSP_ROOT)\STM32H7xxxx\STM32H7xx_HAL_Driver\Src\stm32h7xx_ll_fmac.c">
      <Filter>Source files\Device-specific files\LL</Filter>
    </ClCompile>
    <ClCompile Include="$(BSP_ROOT)\STM32H7xxxx\STM32H7xx_HAL_Driver\Src\stm32h7xx_ll_fmc.c">
      <Filter>Source files\Device-specific files\LL</Filter>
    </ClCompile>
    <ClCompile Include="$(BSP_ROOT)\STM32H7xxxx\STM32H7xx_HAL_Driver\Src\stm32h7xx_ll_gpio.c">
      <Filter>Source files\Device-specific files\LL</Filter>
    </ClCompile>
    <ClCompile Include="$(BSP_ROOT)\STM32H7xxxx\STM32H7xx_HAL_Driver\Src\stm32h7xx_ll_hrtim.c">
      <Filter>Source files\Device-specific files\LL</Filter>
    </ClCompile>
    <ClCompile Include="$(BSP_ROOT)\STM32H7xxxx\STM32H7xx_HAL_Driver\Src\stm32h7xx_ll_i2c.c">
      <Filter>Source files\Device-specific files\LL</Filter>
    </ClCompile>
    <ClCompile Include="$(BSP_ROOT)\STM32H7xxxx\STM32H7xx_HAL_Driver\Src\stm32h7xx_ll_lptim.c">
      <Filter>Source files\Device-specific files\LL</Filter>
    </ClCompile>
    <ClCompile Include="$(BSP_ROOT)\STM32H7xxxx\STM32H7xx_HAL_Driver\Src\stm32h7xx_ll_lpuart.c">
      <Filter>Source files\Device-specific files\LL</Filter>
    </ClCompile>
    <ClCompile Include="$(BSP_ROOT)\STM32H7xxxx\STM32H7xx_HAL_Driver\Src\stm32h7xx_ll_mdma.c">
      <Filter>Source files\Device-specific files\LL</Filter>
    </ClCompile>
    <ClCompile Include="$(BSP_ROOT)\STM32H7xxxx\STM32H7xx_HAL_Driver\Src\stm32h7xx_ll_opamp.c">
      <Filter>Source files\Device-specific files\LL</Filter>
    </ClCompile>
    <ClCompile Include="$(BSP_ROOT)\STM32H7xxxx\STM32H7xx_HAL_Driver\Src\stm32h7xx_ll_pwr.c">
      <Filter>Source files\Device-specific files\LL</Filter>
    </ClCompile>
    <ClCompile Include="$(BSP_ROOT)\STM32H7xxxx\STM32H7xx_HAL_Driver\Src\stm32h7xx_ll_rcc.c">
      <Filter>Source files\Device-specific files\LL</Filter>
    </ClCompile>
    <ClCompile Include="$(BSP_ROOT)\STM32H7xxxx\STM32H7xx_HAL_Driver\Src\stm32h7xx_ll_rng.c">
      <Filter>Source files\Device-specific files\LL</Filter>
    </ClCompile>
    <ClCompile Include="$(BSP_ROOT)\STM32H7xxxx\STM32H7xx_HAL_Driver\Src\stm32h7xx_ll_rtc.c">
      <Filter>Source files\Device-specific files\LL</Filter>
    </ClCompile>
    <ClCompile Include="$(BSP_ROOT)\STM32H7xxxx\STM32H7xx_HAL_Driver\Src\stm32h7xx_ll_sdmmc.c">
      <Filter>Source files\Device-specific files\LL</Filter>
    </ClCompile>
    <ClCompile Include="$(BSP_ROOT)\STM32H7xxxx\STM32H7xx_HAL_Driver\Src\stm32h7xx_ll_spi.c">
      <Filter>Source files\Device-specific files\LL</Filter>
    </ClCompile>
    <ClCompile Include="$(BSP_ROOT)\STM32H7xxxx\STM32H7xx_HAL_Driver\Src\stm32h7xx_ll_swpmi.c">
      <Filter>Source files\Device-specific files\LL</Filter>
    </ClCompile>
    <ClCompile Include="$(BSP_ROOT)\STM32H7xxxx\STM32H7xx_HAL_Driver\Src\stm32h7xx_ll_tim.c">
      <Filter>Source files\Device-specific files\LL</Filter>
    </ClCompile>
    <ClCompile Include="$(BSP_ROOT)\STM32H7xxxx\STM32H7xx_HAL_Driver\Src\stm32h7xx_ll_usart.c">
      <Filter>Source files\Device-specific files\LL</Filter>
    </ClCompile>
    <ClCompile Include="$(BSP_ROOT)\STM32H7xxxx\STM32H7xx_HAL_Driver\Src\stm32h7xx_ll_utils.c">
      <Filter>Source files\Device-specific files\LL</Filter>
    </ClCompile>
    <ClInclude Include="FreeRTOSConfig.h">
      <Filter>Header files</Filter>
    </ClInclude>
    <ClInclude Include="stm32h7xx_hal_conf.h">
      <Filter>Header files</Filter>
    </ClInclude>
    <ClInclude Include="$(BSP_ROOT)\FreeRTOS\Source\CMSIS_RTOS\cmsis_os.h">
      <Filter>Header files\Device-specific files\FreeRTOS</Filter>
    </ClInclude>
    <ClInclude Include="$(BSP_ROOT)\FreeRTOS\Source\include\atomic.h">
      <Filter>Header files\Device-specific files\FreeRTOS</Filter>
    </ClInclude>
    <ClInclude Include="$(BSP_ROOT)\FreeRTOS\Source\include\croutine.h">
      <Filter>Header files\Device-specific files\FreeRTOS</Filter>
    </ClInclude>
    <ClInclude Include="$(BSP_ROOT)\FreeRTOS\Source\include\deprecated_definitions.h">
      <Filter>Header files\Device-specific files\FreeRTOS</Filter>
    </ClInclude>
    <ClInclude Include="$(BSP_ROOT)\FreeRTOS\Source\include\event_groups.h">
      <Filter>Header files\Device-specific files\FreeRTOS</Filter>
    </ClInclude>
    <ClInclude Include="$(BSP_ROOT)\FreeRTOS\Source\include\FreeRTOS.h">
      <Filter>Header files\Device-specific files\FreeRTOS</Filter>
    </ClInclude>
    <ClInclude Include="$(BSP_ROOT)\FreeRTOS\Source\include\list.h">
      <Filter>Header files\Device-specific files\FreeRTOS</Filter>
    </ClInclude>
    <ClInclude Include="$(BSP_ROOT)\FreeRTOS\Source\include\message_buffer.h">
      <Filter>Header files\Device-specific files\FreeRTOS</Filter>
    </ClInclude>
    <ClInclude Include="$(BSP_ROOT)\FreeRTOS\Source\include\mpu_prototypes.h">
      <Filter>Header files\Device-specific files\FreeRTOS</Filter>
    </ClInclude>
    <ClInclude Include="$(BSP_ROOT)\FreeRTOS\Source\include\mpu_wrappers.h">
      <Filter>Header files\Device-specific files\FreeRTOS</Filter>
    </ClInclude>
    <ClInclude Include="$(BSP_ROOT)\FreeRTOS\Source\include\portable.h">
      <Filter>Header files\Device-specific files\FreeRTOS</Filter>
    </ClInclude>
    <ClInclude Include="$(BSP_ROOT)\FreeRTOS\Source\include\projdefs.h">
      <Filter>Header files\Device-specific files\FreeRTOS</Filter>
    </ClInclude>
    <ClInclude Include="$(BSP_ROOT)\FreeRTOS\Source\include\queue.h">
      <Filter>Header files\Device-specific files\FreeRTOS</Filter>
    </ClInclude>
    <ClInclude Include="$(BSP_ROOT)\FreeRTOS\Source\include\semphr.h">
      <Filter>Header files\Device-specific files\FreeRTOS</Filter>
    </ClInclude>
    <ClInclude Include="$(BSP_ROOT)\FreeRTOS\Source\include\StackMacros.h">
      <Filter>Header files\Device-specific files\FreeRTOS</Filter>
    </ClInclude>
    <ClInclude Include="$(BSP_ROOT)\FreeRTOS\Source\include\stack_macros.h">
      <Filter>Header files\Device-specific files\FreeRTOS</Filter>
    </ClInclude>
    <ClInclude Include="$(BSP_ROOT)\FreeRTOS\Source\include\stream_buffer.h">
      <Filter>Header files\Device-specific files\FreeRTOS</Filter>
    </ClInclude>
    <ClInclude Include="$(BSP_ROOT)\FreeRTOS\Source\include\task.h">
      <Filter>Header files\Device-specific files\FreeRTOS</Filter>
    </ClInclude>
    <ClInclude Include="$(BSP_ROOT)\FreeRTOS\Source\include\timers.h">
      <Filter>Header files\Device-specific files\FreeRTOS</Filter>
    </ClInclude>
    <ClInclude Include="$(BSP_ROOT)\FreeRTOS\Source\portable\GCC\ARM_CM7\r0p1\portmacro.h">
      <Filter>Header files\Device-specific files\FreeRTOS</Filter>
    </ClInclude>
    <ClInclude Include="$(BSP_ROOT)\STM32H7xxxx\STM32H7xx_HAL_Driver\Inc\stm32h7xx_hal.h">
      <Filter>Header files\Device-specific files\HAL</Filter>
    </ClInclude>
    <ClInclude Include="$(BSP_ROOT)\STM32H7xxxx\STM32H7xx_HAL_Driver\Inc\stm32h7xx_hal_adc.h">
      <Filter>Header files\Device-specific files\HAL</Filter>
    </ClInclude>
    <ClInclude Include="$(BSP_ROOT)\STM32H7xxxx\STM32H7xx_HAL_Driver\Inc\stm32h7xx_hal_adc_ex.h">
      <Filter>Header files\Device-specific files\HAL</Filter>
    </ClInclude>
    <ClInclude Include="$(BSP_ROOT)\STM32H7xxxx\STM32H7xx_HAL_Driver\Inc\stm32h7xx_hal_cec.h">
      <Filter>Header files\Device-specific files\HAL</Filter>
    </ClInclude>
    <ClInclude Include="$(BSP_ROOT)\STM32H7xxxx\STM32H7xx_HAL_Driver\Inc\stm32h7xx_hal_comp.h">
      <Filter>Header files\Device-specific files\HAL</Filter>
    </ClInclude>
    <ClInclude Include="$(BSP_ROOT)\STM32H7xxxx\STM32H7xx_HAL_Driver\Inc\stm32h7xx_hal_cordic.h">
      <Filter>Header files\Device-specific files\HAL</Filter>
    </ClInclude>
    <ClInclude Include="$(BSP_ROOT)\STM32H7xxxx\STM32H7xx_HAL_Driver\Inc\stm32h7xx_hal_cortex.h">
      <Filter>Header files\Device-specific files\HAL</Filter>
    </ClInclude>
    <ClInclude Include="$(BSP_ROOT)\STM32H7xxxx\STM32H7xx_HAL_Driver\Inc\stm32h7xx_hal_crc.h">
      <Filter>Header files\Device-specific files\HAL</Filter>
    </ClInclude>
    <ClInclude Include="$(BSP_ROOT)\STM32H7xxxx\STM32H7xx_HAL_Driver\Inc\stm32h7xx_hal_crc_ex.h">
      <Filter>Header files\Device-specific files\HAL</Filter>
    </ClInclude>
    <ClInclude Include="$(BSP_ROOT)\STM32H7xxxx\STM32H7xx_HAL_Driver\Inc\stm32h7xx_hal_cryp.h">
      <Filter>Header files\Device-specific files\HAL</Filter>
    </ClInclude>
    <ClInclude Include="$(BSP_ROOT)\STM32H7xxxx\STM32H7xx_HAL_Driver\Inc\stm32h7xx_hal_cryp_ex.h">
      <Filter>Header files\Device-specific files\HAL</Filter>
    </ClInclude>
    <ClInclude Include="$(BSP_ROOT)\STM32H7xxxx\STM32H7xx_HAL_Driver\Inc\stm32h7xx_hal_dac.h">
      <Filter>Header files\Device-specific files\HAL</Filter>
    </ClInclude>
    <ClInclude Include="$(BSP_ROOT)\STM32H7xxxx\STM32H7xx_HAL_Driver\Inc\stm32h7xx_hal_dac_ex.h">
      <Filter>Header files\Device-specific files\HAL</Filter>
    </ClInclude>
    <ClInclude Include="$(BSP_ROOT)\STM32H7xxxx\STM32H7xx_HAL_Driver\Inc\stm32h7xx_hal_dcmi.h">
      <Filter>Header files\Device-specific files\HAL</Filter>
    </ClInclude>
    <ClInclude Include="$(BSP_ROOT)\STM32H7xxxx\STM32H7xx_HAL_Driver\Inc\stm32h7xx_hal_def.h">
      <Filter>Header files\Device-specific files\HAL</Filter>
    </ClInclude>
    <ClInclude Include="$(BSP_ROOT)\STM32H7xxxx\STM32H7xx_HAL_Driver\Inc\stm32h7xx_hal_dfsdm.h">
      <Filter>Header files\Device-specific files\HAL</Filter>
    </ClInclude>
    <ClInclude Include="$(BSP_ROOT)\STM32H7xxxx\STM32H7xx_HAL_Driver\Inc\stm32h7xx_hal_dfsdm_ex.h">
      <Filter>Header files\Device-specific files\HAL</Filter>
    </ClInclude>
    <ClInclude Include="$(BSP_ROOT)\STM32H7xxxx\STM32H7xx_HAL_Driver\Inc\stm32h7xx_hal_dma.h">
      <Filter>Header files\Device-specific files\HAL</Filter>
    </ClInclude>
    <ClInclude Include="$(BSP_ROOT)\STM32H7xxxx\STM32H7xx_HAL_Driver\Inc\stm32h7xx_hal_dma2d.h">
      <Filter>Header files\Device-specific files\HAL</Filter>
    </ClInclude>
    <ClInclude Include="$(BSP_ROOT)\STM32H7xxxx\STM32H7xx_HAL_Driver\Inc\stm32h7xx_hal_dma_ex.h">
      <Filter>Header files\Device-specific files\HAL</Filter>
    </ClInclude>
    <ClInclude Include="$(BSP_ROOT)\STM32H7xxxx\STM32H7xx_HAL_Driver\Inc\stm32h7xx_hal_dsi.h">
      <Filter>Header files\Device-specific files\HAL</Filter>
    </ClInclude>
    <ClInclude Include="$(BSP_ROOT)\STM32H7xxxx\STM32H7xx_HAL_Driver\Inc\stm32h7xx_hal_dts.h">
      <Filter>Header files\Device-specific files\HAL</Filter>
    </ClInclude>
    <ClInclude Include="$(BSP_ROOT)\STM32H7xxxx\STM32H7xx_HAL_Driver\Inc\stm32h7xx_hal_eth.h">
      <Filter>Header files\Device-specific files\HAL</Filter>
    </ClInclude>
    <ClInclude Include="$(BSP_ROOT)\STM32H7xxxx\STM32H7xx_HAL_Driver\Inc\stm32h7xx_hal_eth_ex.h">
      <Filter>Header files\Device-specific files\HAL</Filter>
    </ClInclude>
    <ClInclude Include="$(BSP_ROOT)\STM32H7xxxx\STM32H7xx_HAL_Driver\Inc\stm32h7xx_hal_exti.h">
      <Filter>Header files\Device-specific files\HAL</Filter>
    </ClInclude>
    <ClInclude Include="$(BSP_ROOT)\STM32H7xxxx\STM32H7xx_HAL_Driver\Inc\stm32h7xx_hal_fdcan.h">
      <Filter>Header files\Device-specific files\HAL</Filter>
    </ClInclude>
    <ClInclude Include="$(BSP_ROOT)\STM32H7xxxx\STM32H7xx_HAL_Driver\Inc\stm32h7xx_hal_flash.h">
      <Filter>Header files\Device-specific files\HAL</Filter>
    </ClInclude>
    <ClInclude Include="$(BSP_ROOT)\STM32H7xxxx\STM32H7xx_HAL_Driver\Inc\stm32h7xx_hal_flash_ex.h">
      <Filter>Header files\Device-specific files\HAL</Filter>
    </ClInclude>
    <ClInclude Include="$(BSP_ROOT)\STM32H7xxxx\STM32H7xx_HAL_Driver\Inc\stm32h7xx_hal_fmac.h">
      <Filter>Header files\Device-specific files\HAL</Filter>
    </ClInclude>
    <ClInclude Include="$(BSP_ROOT)\STM32H7xxxx\STM32H7xx_HAL_Driver\Inc\stm32h7xx_hal_gfxmmu.h">
      <Filter>Header files\Device-specific files\HAL</Filter>
    </ClInclude>
    <ClInclude Include="$(BSP_ROOT)\STM32H7xxxx\STM32H7xx_HAL_Driver\Inc\stm32h7xx_hal_gpio.h">
      <Filter>Header files\Device-specific files\HAL</Filter>
    </ClInclude>
    <ClInclude Include="$(BSP_ROOT)\STM32H7xxxx\STM32H7xx_HAL_Driver\Inc\stm32h7xx_hal_gpio_ex.h">
      <Filter>Header files\Device-specific files\HAL</Filter>
    </ClInclude>
    <ClInclude Include="$(BSP_ROOT)\STM32H7xxxx\STM32H7xx_HAL_Driver\Inc\stm32h7xx_hal_hash.h">
      <Filter>Header files\Device-specific files\HAL</Filter>
    </ClInclude>
    <ClInclude Include="$(BSP_ROOT)\STM32H7xxxx\STM32H7xx_HAL_Driver\Inc\stm32h7xx_hal_hash_ex.h">
      <Filter>Header files\Device-specific files\HAL</Filter>
    </ClInclude>
    <ClInclude Include="$(BSP_ROOT)\STM32H7xxxx\STM32H7xx_HAL_Driver\Inc\stm32h7xx_hal_hcd.h">
      <Filter>Header files\Device-specific files\HAL</Filter>
    </ClInclude>
    <ClInclude Include="$(BSP_ROOT)\STM32H7xxxx\STM32H7xx_HAL_Driver\Inc\stm32h7xx_hal_hrtim.h">
      <Filter>Header files\Device-specific files\HAL</Filter>
    </ClInclude>
    <ClInclude Include="$(BSP_ROOT)\STM32H7xxxx\STM32H7xx_HAL_Driver\Inc\stm32h7xx_hal_hsem.h">
      <Filter>Header files\Device-specific files\HAL</Filter>
    </ClInclude>
    <ClInclude Include="$(BSP_ROOT)\STM32H7xxxx\STM32H7xx_HAL_Driver\Inc\stm32h7xx_hal_i2c.h">
      <Filter>Header files\Device-specific files\HAL</Filter>
    </ClInclude>
    <ClInclude Include="$(BSP_ROOT)\STM32H7xxxx\STM32H7xx_HAL_Driver\Inc\stm32h7xx_hal_i2c_ex.h">
      <Filter>Header files\Device-specific files\HAL</Filter>
    </ClInclude>
    <ClInclude Include="$(BSP_ROOT)\STM32H7xxxx\STM32H7xx_HAL_Driver\Inc\stm32h7xx_hal_i2s.h">
      <Filter>Header files\Device-specific files\HAL</Filter>
    </ClInclude>
    <ClInclude Include="$(BSP_ROOT)\STM32H7xxxx\STM32H7xx_HAL_Driver\Inc\stm32h7xx_hal_i2s_ex.h">
      <Filter>Header files\Device-specific files\HAL</Filter>
    </ClInclude>
    <ClInclude Include="$(BSP_ROOT)\STM32H7xxxx\STM32H7xx_HAL_Driver\Inc\stm32h7xx_hal_irda.h">
      <Filter>Header files\Device-specific files\HAL</Filter>
    </ClInclude>
    <ClInclude Include="$(BSP_ROOT)\STM32H7xxxx\STM32H7xx_HAL_Driver\Inc\stm32h7xx_hal_irda_ex.h">
      <Filter>Header files\Device-specific files\HAL</Filter>
    </ClInclude>
    <ClInclude Include="$(BSP_ROOT)\STM32H7xxxx\STM32H7xx_HAL_Driver\Inc\stm32h7xx_hal_iwdg.h">
      <Filter>Header files\Device-specific files\HAL</Filter>
    </ClInclude>
    <ClInclude Include="$(BSP_ROOT)\STM32H7xxxx\STM32H7xx_HAL_Driver\Inc\stm32h7xx_hal_jpeg.h">
      <Filter>Header files\Device-specific files\HAL</Filter>
    </ClInclude>
    <ClInclude Include="$(BSP_ROOT)\STM32H7xxxx\STM32H7xx_HAL_Driver\Inc\stm32h7xx_hal_lptim.h">
      <Filter>Header files\Device-specific files\HAL</Filter>
    </ClInclude>
    <ClInclude Include="$(BSP_ROOT)\STM32H7xxxx\STM32H7xx_HAL_Driver\Inc\stm32h7xx_hal_ltdc.h">
      <Filter>Header files\Device-specific files\HAL</Filter>
    </ClInclude>
    <ClInclude Include="$(BSP_ROOT)\STM32H7xxxx\STM32H7xx_HAL_Driver\Inc\stm32h7xx_hal_ltdc_ex.h">
      <Filter>Header files\Device-specific files\HAL</Filter>
    </ClInclude>
    <ClInclude Include="$(BSP_ROOT)\STM32H7xxxx\STM32H7xx_HAL_Driver\Inc\stm32h7xx_hal_mdios.h">
      <Filter>Header files\Device-specific files\HAL</Filter>
    </ClInclude>
    <ClInclude Include="$(BSP_ROOT)\STM32H7xxxx\STM32H7xx_HAL_Driver\Inc\stm32h7xx_hal_mdma.h">
      <Filter>Header files\Device-specific files\HAL</Filter>
    </ClInclude>
    <ClInclude Include="$(BSP_ROOT)\STM32H7xxxx\STM32H7xx_HAL_Driver\Inc\stm32h7xx_hal_mmc.h">
      <Filter>Header files\Device-specific files\HAL</Filter>
    </ClInclude>
    <ClInclude Include="$(BSP_ROOT)\STM32H7xxxx\STM32H7xx_HAL_Driver\Inc\stm32h7xx_hal_mmc_ex.h">
      <Filter>Header files\Device-specific files\HAL</Filter>
    </ClInclude>
    <ClInclude Include="$(BSP_ROOT)\STM32H7xxxx\STM32H7xx_HAL_Driver\Inc\stm32h7xx_hal_nand.h">
      <Filter>Header files\Device-specific files\HAL</Filter>
    </ClInclude>
    <ClInclude Include="$(BSP_ROOT)\STM32H7xxxx\STM32H7xx_HAL_Driver\Inc\stm32h7xx_hal_nor.h">
      <Filter>Header files\Device-specific files\HAL</Filter>
    </ClInclude>
    <ClInclude Include="$(BSP_ROOT)\STM32H7xxxx\STM32H7xx_HAL_Driver\Inc\stm32h7xx_hal_opamp.h">
      <Filter>Header files\Device-specific files\HAL</Filter>
    </ClInclude>
    <ClInclude Include="$(BSP_ROOT)\STM32H7xxxx\STM32H7xx_HAL_Driver\Inc\stm32h7xx_hal_opamp_ex.h">
      <Filter>Header files\Device-specific files\HAL</Filter>
    </ClInclude>
    <ClInclude Include="$(BSP_ROOT)\STM32H7xxxx\STM32H7xx_HAL_Driver\Inc\stm32h7xx_hal_ospi.h">
      <Filter>Header files\Device-specific files\HAL</Filter>
    </ClInclude>
    <ClInclude Include="$(BSP_ROOT)\STM32H7xxxx\STM32H7xx_HAL_Driver\Inc\stm32h7xx_hal_otfdec.h">
      <Filter>Header files\Device-specific files\HAL</Filter>
    </ClInclude>
    <ClInclude Include="$(BSP_ROOT)\STM32H7xxxx\STM32H7xx_HAL_Driver\Inc\stm32h7xx_hal_pcd.h">
      <Filter>Header files\Device-specific files\HAL</Filter>
    </ClInclude>
    <ClInclude Include="$(BSP_ROOT)\STM32H7xxxx\STM32H7xx_HAL_Driver\Inc\stm32h7xx_hal_pcd_ex.h">
      <Filter>Header files\Device-specific files\HAL</Filter>
    </ClInclude>
    <ClInclude Include="$(BSP_ROOT)\STM32H7xxxx\STM32H7xx_HAL_Driver\Inc\stm32h7xx_hal_pssi.h">
      <Filter>Header files\Device-specific files\HAL</Filter>
    </ClInclude>
    <ClInclude Include="$(BSP_ROOT)\STM32H7xxxx\STM32H7xx_HAL_Driver\Inc\stm32h7xx_hal_pwr.h">
      <Filter>Header files\Device-specific files\HAL</Filter>
    </ClInclude>
    <ClInclude Include="$(BSP_ROOT)\STM32H7xxxx\STM32H7xx_HAL_Driver\Inc\stm32h7xx_hal_pwr_ex.h">
      <Filter>Header files\Device-specific files\HAL</Filter>
    </ClInclude>
    <ClInclude Include="$(BSP_ROOT)\STM32H7xxxx\STM32H7xx_HAL_Driver\Inc\stm32h7xx_hal_qspi.h">
      <Filter>Header files\Device-specific files\HAL</Filter>
    </ClInclude>
    <ClInclude Include="$(BSP_ROOT)\STM32H7xxxx\STM32H7xx_HAL_Driver\Inc\stm32h7xx_hal_ramecc.h">
      <Filter>Header files\Device-specific files\HAL</Filter>
    </ClInclude>
    <ClInclude Include="$(BSP_ROOT)\STM32H7xxxx\STM32H7xx_HAL_Driver\Inc\stm32h7xx_hal_rcc.h">
      <Filter>Header files\Device-specific files\HAL</Filter>
    </ClInclude>
    <ClInclude Include="$(BSP_ROOT)\STM32H7xxxx\STM32H7xx_HAL_Driver\Inc\stm32h7xx_hal_rcc_ex.h">
      <Filter>Header files\Device-specific files\HAL</Filter>
    </ClInclude>
    <ClInclude Include="$(BSP_ROOT)\STM32H7xxxx\STM32H7xx_HAL_Driver\Inc\stm32h7xx_hal_rng.h">
      <Filter>Header files\Device-specific files\HAL</Filter>
    </ClInclude>
    <ClInclude Include="$(BSP_ROOT)\STM32H7xxxx\STM32H7xx_HAL_Driver\Inc\stm32h7xx_hal_rng_ex.h">
      <Filter>Header files\Device-specific files\HAL</Filter>
    </ClInclude>
    <ClInclude Include="$(BSP_ROOT)\STM32H7xxxx\STM32H7xx_HAL_Driver\Inc\stm32h7xx_hal_rtc.h">
      <Filter>Header files\Device-specific files\HAL</Filter>
    </ClInclude>
    <ClInclude Include="$(BSP_ROOT)\STM32H7xxxx\STM32H7xx_HAL_Driver\Inc\stm32h7xx_hal_rtc_ex.h">
      <Filter>Header files\Device-specific files\HAL</Filter>
    </ClInclude>
    <ClInclude Include="$(BSP_ROOT)\STM32H7xxxx\STM32H7xx_HAL_Driver\Inc\stm32h7xx_hal_sai.h">
      <Filter>Header files\Device-specific files\HAL</Filter>
    </ClInclude>
    <ClInclude Include="$(BSP_ROOT)\STM32H7xxxx\STM32H7xx_HAL_Driver\Inc\stm32h7xx_hal_sai_ex.h">
      <Filter>Header files\Device-specific files\HAL</Filter>
    </ClInclude>
    <ClInclude Include="$(BSP_ROOT)\STM32H7xxxx\STM32H7xx_HAL_Driver\Inc\stm32h7xx_hal_sd.h">
      <Filter>Header files\Device-specific files\HAL</Filter>
    </ClInclude>
    <ClInclude Include="$(BSP_ROOT)\STM32H7xxxx\STM32H7xx_HAL_Driver\Inc\stm32h7xx_hal_sdram.h">
      <Filter>Header files\Device-specific files\HAL</Filter>
    </ClInclude>
    <ClInclude Include="$(BSP_ROOT)\STM32H7xxxx\STM32H7xx_HAL_Driver\Inc\stm32h7xx_hal_sd_ex.h">
      <Filter>Header files\Device-specific files\HAL</Filter>
    </ClInclude>
    <ClInclude Include="$(BSP_ROOT)\STM32H7xxxx\STM32H7xx_HAL_Driver\Inc\stm32h7xx_hal_smartcard.h">
      <Filter>Header files\Device-specific files\HAL</Filter>
    </ClInclude>
    <ClInclude Include="$(BSP_ROOT)\STM32H7xxxx\STM32H7xx_HAL_Driver\Inc\stm32h7xx_hal_smartcard_ex.h">
      <Filter>Header files\Device-specific files\HAL</Filter>
    </ClInclude>
    <ClInclude Include="$(BSP_ROOT)\STM32H7xxxx\STM32H7xx_HAL_Driver\Inc\stm32h7xx_hal_smbus.h">
      <Filter>Header files\Device-specific files\HAL</Filter>
    </ClInclude>
    <ClInclude Include="$(BSP_ROOT)\STM32H7xxxx\STM32H7xx_HAL_Driver\Inc\stm32h7xx_hal_spdifrx.h">
      <Filter>Header files\Device-specific files\HAL</Filter>
    </ClInclude>
    <ClInclude Include="$(BSP_ROOT)\STM32H7xxxx\STM32H7xx_HAL_Driver\Inc\stm32h7xx_hal_spi.h">
      <Filter>Header files\Device-specific files\HAL</Filter>
    </ClInclude>
    <ClInclude Include="$(BSP_ROOT)\STM32H7xxxx\STM32H7xx_HAL_Driver\Inc\stm32h7xx_hal_spi_ex.h">
      <Filter>Header files\Device-specific files\HAL</Filter>
    </ClInclude>
    <ClInclude Include="$(BSP_ROOT)\STM32H7xxxx\STM32H7xx_HAL_Driver\Inc\stm32h7xx_hal_sram.h">
      <Filter>Header files\Device-specific files\HAL</Filter>
    </ClInclude>
    <ClInclude Include="$(BSP_ROOT)\STM32H7xxxx\STM32H7xx_HAL_Driver\Inc\stm32h7xx_hal_swpmi.h">
      <Filter>Header files\Device-specific files\HAL</Filter>
    </ClInclude>
    <ClInclude Include="$(BSP_ROOT)\STM32H7xxxx\STM32H7xx_HAL_Driver\Inc\stm32h7xx_hal_tim.h">
      <Filter>Header files\Device-specific files\HAL</Filter>
    </ClInclude>
    <ClInclude Include="$(BSP_ROOT)\STM32H7xxxx\STM32H7xx_HAL_Driver\Inc\stm32h7xx_hal_tim_ex.h">
      <Filter>Header files\Device-specific files\HAL</Filter>
    </ClInclude>
    <ClInclude Include="$(BSP_ROOT)\STM32H7xxxx\STM32H7xx_HAL_Driver\Inc\stm32h7xx_hal_uart.h">
      <Filter>Header files\Device-specific files\HAL</Filter>
    </ClInclude>
    <ClInclude Include="$(BSP_ROOT)\STM32H7xxxx\STM32H7xx_HAL_Driver\Inc\stm32h7xx_hal_uart_ex.h">
      <Filter>Header files\Device-specific files\HAL</Filter>
    </ClInclude>
    <ClInclude Include="$(BSP_ROOT)\STM32H7xxxx\STM32H7xx_HAL_Driver\Inc\stm32h7xx_hal_usart.h">
      <Filter>Header files\Device-specific files\HAL</Filter>
    </ClInclude>
    <ClInclude Include="$(BSP_ROOT)\STM32H7xxxx\STM32H7xx_HAL_Driver\Inc\stm32h7xx_hal_usart_ex.h">
      <Filter>Header files\Device-specific files\HAL</Filter>
    </ClInclude>
    <ClInclude Include="$(BSP_ROOT)\STM32H7xxxx\STM32H7xx_HAL_Driver\Inc\stm32h7xx_hal_wwdg.h">
      <Filter>Header files\Device-specific files\HAL</Filter>
    </ClInclude>
    <ClInclude Include="$(BSP_ROOT)\STM32H7xxxx\STM32H7xx_HAL_Driver\Inc\stm32h7xx_ll_usb.h">
      <Filter>Header files\Device-specific files\HAL</Filter>
    </ClInclude>
    <ClInclude Include="$(BSP_ROOT)\STM32H7xxxx\STM32H7xx_HAL_Driver\Inc\Legacy\stm32_hal_legacy.h">
      <Filter>Header files\Device-specific files\HAL</Filter>
    </ClInclude>
    <ClInclude Include="$(BSP_ROOT)\STM32H7xxxx\CMSIS_HAL\Include\cmsis_armcc.h">
      <Filter>Header files\Device-specific files\HAL</Filter>
    </ClInclude>
    <ClInclude Include="$(BSP_ROOT)\STM32H7xxxx\CMSIS_HAL\Include\cmsis_armclang.h">
      <Filter>Header files\Device-specific files\HAL</Filter>
    </ClInclude>
    <ClInclude Include="$(BSP_ROOT)\STM32H7xxxx\CMSIS_HAL\Include\cmsis_armclang_ltm.h">
      <Filter>Header files\Device-specific files\HAL</Filter>
    </ClInclude>
    <ClInclude Include="$(BSP_ROOT)\STM32H7xxxx\CMSIS_HAL\Include\cmsis_compiler.h">
      <Filter>Header files\Device-specific files\HAL</Filter>
    </ClInclude>
    <ClInclude Include="$(BSP_ROOT)\STM32H7xxxx\CMSIS_HAL\Include\cmsis_gcc.h">
      <Filter>Header files\Device-specific files\HAL</Filter>
    </ClInclude>
    <ClInclude Include="$(BSP_ROOT)\STM32H7xxxx\CMSIS_HAL\Include\cmsis_iccarm.h">
      <Filter>Header files\Device-specific files\HAL</Filter>
    </ClInclude>
    <ClInclude Include="$(BSP_ROOT)\STM32H7xxxx\CMSIS_HAL\Include\cmsis_version.h">
      <Filter>Header files\Device-specific files\HAL</Filter>
    </ClInclude>
    <ClInclude Include="$(BSP_ROOT)\STM32H7xxxx\CMSIS_HAL\Include\core_armv81mml.h">
      <Filter>Header files\Device-specific files\HAL</Filter>
    </ClInclude>
    <ClInclude Include="$(BSP_ROOT)\STM32H7xxxx\CMSIS_HAL\Include\core_armv8mbl.h">
      <Filter>Header files\Device-specific files\HAL</Filter>
    </ClInclude>
    <ClInclude Include="$(BSP_ROOT)\STM32H7xxxx\CMSIS_HAL\Include\core_armv8mml.h">
      <Filter>Header files\Device-specific files\HAL</Filter>
    </ClInclude>
    <ClInclude Include="$(BSP_ROOT)\STM32H7xxxx\CMSIS_HAL\Include\core_cm0.h">
      <Filter>Header files\Device-specific files\HAL</Filter>
    </ClInclude>
    <ClInclude Include="$(BSP_ROOT)\STM32H7xxxx\CMSIS_HAL\Include\core_cm0plus.h">
      <Filter>Header files\Device-specific files\HAL</Filter>
    </ClInclude>
    <ClInclude Include="$(BSP_ROOT)\STM32H7xxxx\CMSIS_HAL\Include\core_cm1.h">
      <Filter>Header files\Device-specific files\HAL</Filter>
    </ClInclude>
    <ClInclude Include="$(BSP_ROOT)\STM32H7xxxx\CMSIS_HAL\Include\core_cm23.h">
      <Filter>Header files\Device-specific files\HAL</Filter>
    </ClInclude>
    <ClInclude Include="$(BSP_ROOT)\STM32H7xxxx\CMSIS_HAL\Include\core_cm3.h">
      <Filter>Header files\Device-specific files\HAL</Filter>
    </ClInclude>
    <ClInclude Include="$(BSP_ROOT)\STM32H7xxxx\CMSIS_HAL\Include\core_cm33.h">
      <Filter>Header files\Device-specific files\HAL</Filter>
    </ClInclude>
    <ClInclude Include="$(BSP_ROOT)\STM32H7xxxx\CMSIS_HAL\Include\core_cm35p.h">
      <Filter>Header files\Device-specific files\HAL</Filter>
    </ClInclude>
    <ClInclude Include="$(BSP_ROOT)\STM32H7xxxx\CMSIS_HAL\Include\core_cm4.h">
      <Filter>Header files\Device-specific files\HAL</Filter>
    </ClInclude>
    <ClInclude Include="$(BSP_ROOT)\STM32H7xxxx\CMSIS_HAL\Include\core_cm7.h">
      <Filter>Header files\Device-specific files\HAL</Filter>
    </ClInclude>
    <ClInclude Include="$(BSP_ROOT)\STM32H7xxxx\CMSIS_HAL\Include\core_sc000.h">
      <Filter>Header files\Device-specific files\HAL</Filter>
    </ClInclude>
    <ClInclude Include="$(BSP_ROOT)\STM32H7xxxx\CMSIS_HAL\Include\core_sc300.h">
      <Filter>Header files\Device-specific files\HAL</Filter>
    </ClInclude>
    <ClInclude Include="$(BSP_ROOT)\STM32H7xxxx\CMSIS_HAL\Include\mpu_armv7.h">
      <Filter>Header files\Device-specific files\HAL</Filter>
    </ClInclude>
    <ClInclude Include="$(BSP_ROOT)\STM32H7xxxx\CMSIS_HAL\Include\mpu_armv8.h">
      <Filter>Header files\Device-specific files\HAL</Filter>
    </ClInclude>
    <ClInclude Include="$(BSP_ROOT)\STM32H7xxxx\CMSIS_HAL\Include\tz_context.h">
      <Filter>Header files\Device-specific files\HAL</Filter>
    </ClInclude>
    <ClInclude Include="$(BSP_ROOT)\STM32H7xxxx\CMSIS_HAL\Device\ST\STM32H7xx\Include\stm32h730xxq.h">
      <Filter>Header files\Device-specific files\HAL</Filter>
    </ClInclude>
    <ClInclude Include="$(BSP_ROOT)\STM32H7xxxx\CMSIS_HAL\Device\ST\STM32H7xx\Include\stm32h7a3xxq.h">
      <Filter>Header files\Device-specific files\HAL</Filter>
    </ClInclude>
    <ClInclude Include="$(BSP_ROOT)\STM32H7xxxx\CMSIS_HAL\Device\ST\STM32H7xx\Include\stm32h7b0xxq.h">
      <Filter>Header files\Device-specific files\HAL</Filter>
    </ClInclude>
    <ClInclude Include="$(BSP_ROOT)\STM32H7xxxx\CMSIS_HAL\Device\ST\STM32H7xx\Include\stm32h7b3xxq.h">
      <Filter>Header files\Device-specific files\HAL</Filter>
    </ClInclude>
    <ClInclude Include="$(BSP_ROOT)\STM32H7xxxx\CMSIS_HAL\Device\ST\STM32H7xx\Include\stm32h7xx.h">
      <Filter>Header files\Device-specific files\HAL</Filter>
    </ClInclude>
    <ClInclude Include="$(BSP_ROOT)\STM32H7xxxx\CMSIS_HAL\Device\ST\STM32H7xx\Include\system_stm32h7xx.h">
      <Filter>Header files\Device-specific files\HAL</Filter>
    </ClInclude>
    <ClInclude Include="$(BSP_ROOT)\STM32H7xxxx\CMSIS_HAL\RTOS\Template\cmsis_os.h">
      <Filter>Header files\Device-specific files\HAL</Filter>
    </ClInclude>
    <ClInclude Include="$(BSP_ROOT)\STM32H7xxxx\STM32H7xx_HAL_Driver\Inc\stm32h7xx_ll_adc.h">
      <Filter>Header files\Device-specific files\LL</Filter>
    </ClInclude>
    <ClInclude Include="$(BSP_ROOT)\STM32H7xxxx\STM32H7xx_HAL_Driver\Inc\stm32h7xx_ll_bdma.h">
      <Filter>Header files\Device-specific files\LL</Filter>
    </ClInclude>
    <ClInclude Include="$(BSP_ROOT)\STM32H7xxxx\STM32H7xx_HAL_Driver\Inc\stm32h7xx_ll_bus.h">
      <Filter>Header files\Device-specific files\LL</Filter>
    </ClInclude>
    <ClInclude Include="$(BSP_ROOT)\STM32H7xxxx\STM32H7xx_HAL_Driver\Inc\stm32h7xx_ll_comp.h">
      <Filter>Header files\Device-specific files\LL</Filter>
    </ClInclude>
    <ClInclude Include="$(BSP_ROOT)\STM32H7xxxx\STM32H7xx_HAL_Driver\Inc\stm32h7xx_ll_cordic.h">
      <Filter>Header files\Device-specific files\LL</Filter>
    </ClInclude>
    <ClInclude Include="$(BSP_ROOT)\STM32H7xxxx\STM32H7xx_HAL_Driver\Inc\stm32h7xx_ll_cortex.h">
      <Filter>Header files\Device-specific files\LL</Filter>
    </ClInclude>
    <ClInclude Include="$(BSP_ROOT)\STM32H7xxxx\STM32H7xx_HAL_Driver\Inc\stm32h7xx_ll_crc.h">
      <Filter>Header files\Device-specific files\LL</Filter>
    </ClInclude>
    <ClInclude Include="$(BSP_ROOT)\STM32H7xxxx\STM32H7xx_HAL_Driver\Inc\stm32h7xx_ll_crs.h">
      <Filter>Header files\Device-specific files\LL</Filter>
    </ClInclude>
    <ClInclude Include="$(BSP_ROOT)\STM32H7xxxx\STM32H7xx_HAL_Driver\Inc\stm32h7xx_ll_dac.h">
      <Filter>Header files\Device-specific files\LL</Filter>
    </ClInclude>
    <ClInclude Include="$(BSP_ROOT)\STM32H7xxxx\STM32H7xx_HAL_Driver\Inc\stm32h7xx_ll_delayblock.h">
      <Filter>Header files\Device-specific files\LL</Filter>
    </ClInclude>
    <ClInclude Include="$(BSP_ROOT)\STM32H7xxxx\STM32H7xx_HAL_Driver\Inc\stm32h7xx_ll_dma.h">
      <Filter>Header files\Device-specific files\LL</Filter>
    </ClInclude>
    <ClInclude Include="$(BSP_ROOT)\STM32H7xxxx\STM32H7xx_HAL_Driver\Inc\stm32h7xx_ll_dma2d.h">
      <Filter>Header files\Device-specific files\LL</Filter>
    </ClInclude>
    <ClInclude Include="$(BSP_ROOT)\STM32H7xxxx\STM32H7xx_HAL_Driver\Inc\stm32h7xx_ll_dmamux.h">
      <Filter>Header files\Device-specific files\LL</Filter>
    </ClInclude>
    <ClInclude Include="$(BSP_ROOT)\STM32H7xxxx\STM32H7xx_HAL_Driver\Inc\stm32h7xx_ll_exti.h">
      <Filter>Header files\Device-specific files\LL</Filter>
    </ClInclude>
    <ClInclude Include="$(BSP_ROOT)\STM32H7xxxx\STM32H7xx_HAL_Driver\Inc\stm32h7xx_ll_fmac.h">
      <Filter>Header files\Device-specific files\LL</Filter>
    </ClInclude>
    <ClInclude Include="$(BSP_ROOT)\STM32H7xxxx\STM32H7xx_HAL_Driver\Inc\stm32h7xx_ll_fmc.h">
      <Filter>Header files\Device-specific files\LL</Filter>
    </ClInclude>
    <ClInclude Include="$(BSP_ROOT)\STM32H7xxxx\STM32H7xx_HAL_Driver\Inc\stm32h7xx_ll_gpio.h">
      <Filter>Header files\Device-specific files\LL</Filter>
    </ClInclude>
    <ClInclude Include="$(BSP_ROOT)\STM32H7xxxx\STM32H7xx_HAL_Driver\Inc\stm32h7xx_ll_hrtim.h">
      <Filter>Header files\Device-specific files\LL</Filter>
    </ClInclude>
    <ClInclude Include="$(BSP_ROOT)\STM32H7xxxx\STM32H7xx_HAL_Driver\Inc\stm32h7xx_ll_hsem.h">
      <Filter>Header files\Device-specific files\LL</Filter>
    </ClInclude>
    <ClInclude Include="$(BSP_ROOT)\STM32H7xxxx\STM32H7xx_HAL_Driver\Inc\stm32h7xx_ll_i2c.h">
      <Filter>Header files\Device-specific files\LL</Filter>
    </ClInclude>
    <ClInclude Include="$(BSP_ROOT)\STM32H7xxxx\STM32H7xx_HAL_Driver\Inc\stm32h7xx_ll_iwdg.h">
      <Filter>Header files\Device-specific files\LL</Filter>
    </ClInclude>
    <ClInclude Include="$(BSP_ROOT)\STM32H7xxxx\STM32H7xx_HAL_Driver\Inc\stm32h7xx_ll_lptim.h">
      <Filter>Header files\Device-specific files\LL</Filter>
    </ClInclude>
    <ClInclude Include="$(BSP_ROOT)\STM32H7xxxx\STM32H7xx_HAL_Driver\Inc\stm32h7xx_ll_lpuart.h">
      <Filter>Header files\Device-specific files\LL</Filter>
    </ClInclude>
    <ClInclude Include="$(BSP_ROOT)\STM32H7xxxx\STM32H7xx_HAL_Driver\Inc\stm32h7xx_ll_mdma.h">
      <Filter>Header files\Device-specific files\LL</Filter>
    </ClInclude>
    <ClInclude Include="$(BSP_ROOT)\STM32H7xxxx\STM32H7xx_HAL_Driver\Inc\stm32h7xx_ll_opamp.h">
      <Filter>Header files\Device-specific files\LL</Filter>
    </ClInclude>
    <ClInclude Include="$(BSP_ROOT)\STM32H7xxxx\STM32H7xx_HAL_Driver\Inc\stm32h7xx_ll_pwr.h">
      <Filter>Header files\Device-specific files\LL</Filter>
    </ClInclude>
    <ClInclude Include="$(BSP_ROOT)\STM32H7xxxx\STM32H7xx_HAL_Driver\Inc\stm32h7xx_ll_rcc.h">
      <Filter>Header files\Device-specific files\LL</Filter>
    </ClInclude>
    <ClInclude Include="$(BSP_ROOT)\STM32H7xxxx\STM32H7xx_HAL_Driver\Inc\stm32h7xx_ll_rng.h">
      <Filter>Header files\Device-specific files\LL</Filter>
    </ClInclude>
    <ClInclude Include="$(BSP_ROOT)\STM32H7xxxx\STM32H7xx_HAL_Driver\Inc\stm32h7xx_ll_rtc.h">
      <Filter>Header files\Device-specific files\LL</Filter>
    </ClInclude>
    <ClInclude Include="$(BSP_ROOT)\STM32H7xxxx\STM32H7xx_HAL_Driver\Inc\stm32h7xx_ll_sdmmc.h">
      <Filter>Header files\Device-specific files\LL</Filter>
    </ClInclude>
    <ClInclude Include="$(BSP_ROOT)\STM32H7xxxx\STM32H7xx_HAL_Driver\Inc\stm32h7xx_ll_spi.h">
      <Filter>Header files\Device-specific files\LL</Filter>
    </ClInclude>
    <ClInclude Include="$(BSP_ROOT)\STM32H7xxxx\STM32H7xx_HAL_Driver\Inc\stm32h7xx_ll_swpmi.h">
      <Filter>Header files\Device-specific files\LL</Filter>
    </ClInclude>
    <ClInclude Include="$(BSP_ROOT)\STM32H7xxxx\STM32H7xx_HAL_Driver\Inc\stm32h7xx_ll_system.h">
      <Filter>Header files\Device-specific files\LL</Filter>
    </ClInclude>
    <ClInclude Include="$(BSP_ROOT)\STM32H7xxxx\STM32H7xx_HAL_Driver\Inc\stm32h7xx_ll_tim.h">
      <Filter>Header files\Device-specific files\LL</Filter>
    </ClInclude>
    <ClInclude Include="$(BSP_ROOT)\STM32H7xxxx\STM32H7xx_HAL_Driver\Inc\stm32h7xx_ll_usart.h">
      <Filter>Header files\Device-specific files\LL</Filter>
    </ClInclude>
    <ClInclude Include="$(BSP_ROOT)\STM32H7xxxx\STM32H7xx_HAL_Driver\Inc\stm32h7xx_ll_utils.h">
      <Filter>Header files\Device-specific files\LL</Filter>
    </ClInclude>
    <ClInclude Include="$(BSP_ROOT)\STM32H7xxxx\STM32H7xx_HAL_Driver\Inc\stm32h7xx_ll_wwdg.h">
      <Filter>Header files\Device-specific files\LL</Filter>
    </ClInclude>
    <None Include="DemoBoard-Debug.vgdbsettings">
      <Filter>VisualGDB settings</Filter>
    </None>
    <None Include="DemoBoard-Release.vgdbsettings">
      <Filter>VisualGDB settings</Filter>
    </None>
    <None Include="stm32.xml">
      <Filter>VisualGDB settings</Filter>
    </None>
    <ClCompile Include="LVGL\core\lv_indev.c">
      <Filter>Source files\LVGL\core</Filter>
    </ClCompile>
    <ClCompile Include="LVGL\core\lv_indev_scroll.c">
      <Filter>Source files\LVGL\core</Filter>
    </ClCompile>
    <ClCompile Include="LVGL\core\lv_obj.c">
      <Filter>Source files\LVGL\core</Filter>
    </ClCompile>
    <ClCompile Include="LVGL\core\lv_obj_class.c">
      <Filter>Source files\LVGL\core</Filter>
    </ClCompile>
    <ClCompile Include="LVGL\core\lv_obj_draw.c">
      <Filter>Source files\LVGL\core</Filter>
    </ClCompile>
    <ClCompile Include="LVGL\core\lv_obj_pos.c">
      <Filter>Source files\LVGL\core</Filter>
    </ClCompile>
    <ClCompile Include="LVGL\core\lv_obj_scroll.c">
      <Filter>Source files\LVGL\core</Filter>
    </ClCompile>
    <ClCompile Include="LVGL\core\lv_obj_style.c">
      <Filter>Source files\LVGL\core</Filter>
    </ClCompile>
    <ClCompile Include="LVGL\core\lv_obj_style_gen.c">
      <Filter>Source files\LVGL\core</Filter>
    </ClCompile>
    <ClCompile Include="LVGL\core\lv_obj_tree.c">
      <Filter>Source files\LVGL\core</Filter>
    </ClCompile>
    <ClCompile Include="LVGL\core\lv_refr.c">
      <Filter>Source files\LVGL\core</Filter>
    </ClCompile>
    <ClCompile Include="LVGL\core\lv_theme.c">
      <Filter>Source files\LVGL\core</Filter>
    </ClCompile>
    <ClCompile Include="LVGL\core\lv_disp.c">
      <Filter>Source files\LVGL\core</Filter>
    </ClCompile>
    <ClCompile Include="LVGL\core\lv_event.c">
      <Filter>Source files\LVGL\core</Filter>
    </ClCompile>
    <ClCompile Include="LVGL\core\lv_group.c">
      <Filter>Source files\LVGL\core</Filter>
    </ClCompile>
    <ClCompile Include="LVGL\draw\lv_draw.c">
      <Filter>Source files\LVGL\draw</Filter>
    </ClCompile>
    <ClCompile Include="LVGL\draw\lv_draw_arc.c">
      <Filter>Source files\LVGL\draw</Filter>
    </ClCompile>
    <ClCompile Include="LVGL\draw\lv_draw_img.c">
      <Filter>Source files\LVGL\draw</Filter>
    </ClCompile>
    <ClCompile Include="LVGL\draw\lv_draw_label.c">
      <Filter>Source files\LVGL\draw</Filter>
    </ClCompile>
    <ClCompile Include="LVGL\draw\lv_draw_line.c">
      <Filter>Source files\LVGL\draw</Filter>
    </ClCompile>
    <ClCompile Include="LVGL\draw\lv_draw_mask.c">
      <Filter>Source files\LVGL\draw</Filter>
    </ClCompile>
    <ClCompile Include="LVGL\draw\lv_draw_rect.c">
      <Filter>Source files\LVGL\draw</Filter>
    </ClCompile>
    <ClCompile Include="LVGL\draw\lv_draw_triangle.c">
      <Filter>Source files\LVGL\draw</Filter>
    </ClCompile>
    <ClCompile Include="LVGL\draw\lv_img_buf.c">
      <Filter>Source files\LVGL\draw</Filter>
    </ClCompile>
    <ClCompile Include="LVGL\draw\lv_img_cache.c">
      <Filter>Source files\LVGL\draw</Filter>
    </ClCompile>
    <ClCompile Include="LVGL\draw\lv_img_decoder.c">
      <Filter>Source files\LVGL\draw</Filter>
    </ClCompile>
    <ClCompile Include="LVGL\font\lv_font.c">
      <Filter>Source files\LVGL\font</Filter>
    </ClCompile>
    <ClCompile Include="LVGL\hal\lv_hal_disp.c">
      <Filter>Source files\LVGL\hal</Filter>
    </ClCompile>
    <ClCompile Include="LVGL\hal\lv_hal_indev.c">
      <Filter>Source files\LVGL\hal</Filter>
    </ClCompile>
    <ClCompile Include="LVGL\hal\lv_hal_tick.c">
      <Filter>Source files\LVGL\hal</Filter>
    </ClCompile>
    <ClCompile Include="LVGL\misc\lv_txt_ap.c">
      <Filter>Source files\LVGL\misc</Filter>
    </ClCompile>
    <ClCompile Include="LVGL\misc\lv_utils.c">
      <Filter>Source files\LVGL\misc</Filter>
    </ClCompile>
    <ClCompile Include="LVGL\misc\lv_anim.c">
      <Filter>Source files\LVGL\misc</Filter>
    </ClCompile>
    <ClCompile Include="LVGL\misc\lv_anim_timeline.c">
      <Filter>Source files\LVGL\misc</Filter>
    </ClCompile>
    <ClCompile Include="LVGL\misc\lv_area.c">
      <Filter>Source files\LVGL\misc</Filter>
    </ClCompile>
    <ClCompile Include="LVGL\misc\lv_async.c">
      <Filter>Source files\LVGL\misc</Filter>
    </ClCompile>
    <ClCompile Include="LVGL\misc\lv_bidi.c">
      <Filter>Source files\LVGL\misc</Filter>
    </ClCompile>
    <ClCompile Include="LVGL\misc\lv_color.c">
      <Filter>Source files\LVGL\misc</Filter>
    </ClCompile>
    <ClCompile Include="LVGL\misc\lv_fs.c">
      <Filter>Source files\LVGL\misc</Filter>
    </ClCompile>
    <ClCompile Include="LVGL\misc\lv_gc.c">
      <Filter>Source files\LVGL\misc</Filter>
    </ClCompile>
    <ClCompile Include="LVGL\misc\lv_ll.c">
      <Filter>Source files\LVGL\misc</Filter>
    </ClCompile>
    <ClCompile Include="LVGL\misc\lv_log.c">
      <Filter>Source files\LVGL\misc</Filter>
    </ClCompile>
    <ClCompile Include="LVGL\misc\lv_lru.c">
      <Filter>Source files\LVGL\misc</Filter>
    </ClCompile>
    <ClCompile Include="LVGL\misc\lv_math.c">
      <Filter>Source files\LVGL\misc</Filter>
    </ClCompile>
    <ClCompile Include="LVGL\misc\lv_mem.c">
      <Filter>Source files\LVGL\misc</Filter>
    </ClCompile>
    <ClCompile Include="LVGL\misc\lv_printf.c">
      <Filter>Source files\LVGL\misc</Filter>
    </ClCompile>
    <ClCompile Include="LVGL\misc\lv_style.c">
      <Filter>Source files\LVGL\misc</Filter>
    </ClCompile>
    <ClCompile Include="LVGL\misc\lv_style_gen.c">
      <Filter>Source files\LVGL\misc</Filter>
    </ClCompile>
    <ClCompile Include="LVGL\misc\lv_templ.c">
      <Filter>Source files\LVGL\misc</Filter>
    </ClCompile>
    <ClCompile Include="LVGL\misc\lv_timer.c">
      <Filter>Source files\LVGL\misc</Filter>
    </ClCompile>
    <ClCompile Include="LVGL\misc\lv_tlsf.c">
      <Filter>Source files\LVGL\misc</Filter>
    </ClCompile>
    <ClCompile Include="LVGL\misc\lv_txt.c">
      <Filter>Source files\LVGL\misc</Filter>
    </ClCompile>
    <ClCompile Include="LVGL\widgets\lv_arc.c">
      <Filter>Source files\LVGL\widgets</Filter>
    </ClCompile>
    <ClCompile Include="LVGL\widgets\lv_bar.c">
      <Filter>Source files\LVGL\widgets</Filter>
    </ClCompile>
    <ClCompile Include="LVGL\widgets\lv_btn.c">
      <Filter>Source files\LVGL\widgets</Filter>
    </ClCompile>
    <ClCompile Include="LVGL\widgets\lv_btnmatrix.c">
      <Filter>Source files\LVGL\widgets</Filter>
    </ClCompile>
    <ClCompile Include="LVGL\widgets\lv_canvas.c">
      <Filter>Source files\LVGL\widgets</Filter>
    </ClCompile>
    <ClCompile Include="LVGL\widgets\lv_checkbox.c">
      <Filter>Source files\LVGL\widgets</Filter>
    </ClCompile>
    <ClCompile Include="LVGL\widgets\lv_dropdown.c">
      <Filter>Source files\LVGL\widgets</Filter>
    </ClCompile>
    <ClCompile Include="LVGL\widgets\lv_img.c">
      <Filter>Source files\LVGL\widgets</Filter>
    </ClCompile>
    <ClCompile Include="LVGL\widgets\lv_label.c">
      <Filter>Source files\LVGL\widgets</Filter>
    </ClCompile>
    <ClCompile Include="LVGL\widgets\lv_line.c">
      <Filter>Source files\LVGL\widgets</Filter>
    </ClCompile>
    <ClCompile Include="LVGL\widgets\lv_objx_templ.c">
      <Filter>Source files\LVGL\widgets</Filter>
    </ClCompile>
    <ClCompile Include="LVGL\widgets\lv_roller.c">
      <Filter>Source files\LVGL\widgets</Filter>
    </ClCompile>
    <ClCompile Include="LVGL\widgets\lv_slider.c">
      <Filter>Source files\LVGL\widgets</Filter>
    </ClCompile>
    <ClCompile Include="LVGL\widgets\lv_switch.c">
      <Filter>Source files\LVGL\widgets</Filter>
    </ClCompile>
    <ClCompile Include="LVGL\widgets\lv_table.c">
      <Filter>Source files\LVGL\widgets</Filter>
    </ClCompile>
    <ClCompile Include="LVGL\widgets\lv_textarea.c">
      <Filter>Source files\LVGL\widgets</Filter>
    </ClCompile>
    <ClCompile Include="LVGL\extra\lv_extra.c">
      <Filter>Source files\LVGL\extra</Filter>
    </ClCompile>
    <ClCompile Include="LVGL\extra\widgets\animimg\lv_animimg.c">
      <Filter>Source files\LVGL\extra\widgets\animimg</Filter>
    </ClCompile>
    <ClCompile Include="LVGL\extra\widgets\calendar\lv_calendar_header_arrow.c">
      <Filter>Source files\LVGL\extra\widgets\calendar</Filter>
    </ClCompile>
    <ClCompile Include="LVGL\extra\widgets\calendar\lv_calendar_header_dropdown.c">
      <Filter>Source files\LVGL\extra\widgets\calendar</Filter>
    </ClCompile>
    <ClCompile Include="LVGL\extra\widgets\calendar\lv_calendar.c">
      <Filter>Source files\LVGL\extra\widgets\calendar</Filter>
    </ClCompile>
    <ClCompile Include="LVGL\extra\widgets\chart\lv_chart.c">
      <Filter>Source files\LVGL\extra\widgets\chart</Filter>
    </ClCompile>
    <ClCompile Include="LVGL\extra\widgets\colorwheel\lv_colorwheel.c">
      <Filter>Source files\LVGL\extra\widgets\colorwheel</Filter>
    </ClCompile>
    <ClCompile Include="LVGL\extra\widgets\imgbtn\lv_imgbtn.c">
      <Filter>Source files\LVGL\extra\widgets\imgbtn</Filter>
    </ClCompile>
    <ClCompile Include="LVGL\extra\widgets\keyboard\lv_keyboard.c">
      <Filter>Source files\LVGL\extra\widgets\keyboard</Filter>
    </ClCompile>
    <ClCompile Include="LVGL\extra\widgets\led\lv_led.c">
      <Filter>Source files\LVGL\extra\widgets\led</Filter>
    </ClCompile>
    <ClCompile Include="LVGL\extra\widgets\list\lv_list.c">
      <Filter>Source files\LVGL\extra\widgets\list</Filter>
    </ClCompile>
    <ClCompile Include="LVGL\extra\widgets\menu\lv_menu.c">
      <Filter>Source files\LVGL\extra\widgets\menu</Filter>
    </ClCompile>
    <ClCompile Include="LVGL\extra\widgets\meter\lv_meter.c">
      <Filter>Source files\LVGL\extra\widgets\meter</Filter>
    </ClCompile>
    <ClCompile Include="LVGL\extra\widgets\msgbox\lv_msgbox.c">
      <Filter>Source files\LVGL\extra\widgets\msgbox</Filter>
    </ClCompile>
    <ClCompile Include="LVGL\extra\widgets\span\lv_span.c">
      <Filter>Source files\LVGL\extra\widgets\span</Filter>
    </ClCompile>
    <ClCompile Include="LVGL\extra\widgets\spinbox\lv_spinbox.c">
      <Filter>Source files\LVGL\extra\widgets\spinbox</Filter>
    </ClCompile>
    <ClCompile Include="LVGL\extra\widgets\spinner\lv_spinner.c">
      <Filter>Source files\LVGL\extra\widgets\spinner</Filter>
    </ClCompile>
    <ClCompile Include="LVGL\extra\widgets\tabview\lv_tabview.c">
      <Filter>Source files\LVGL\extra\widgets\tabview</Filter>
    </ClCompile>
    <ClCompile Include="LVGL\extra\widgets\tileview\lv_tileview.c">
      <Filter>Source files\LVGL\extra\widgets\tileview</Filter>
    </ClCompile>
    <ClCompile Include="LVGL\extra\widgets\win\lv_win.c">
      <Filter>Source files\LVGL\extra\widgets\win</Filter>
    </ClCompile>
    <ClCompile Include="LVGL\extra\layouts\flex\lv_flex.c">
      <Filter>Source files\LVGL\extra\layouts\flex</Filter>
    </ClCompile>
    <ClCompile Include="LVGL\extra\layouts\grid\lv_grid.c">
      <Filter>Source files\LVGL\extra\layouts\grid</Filter>
    </ClCompile>
    <ClCompile Include="LVGL\font\lv_font_montserrat_14.c">
      <Filter>Source files\LVGL\font</Filter>
    </ClCompile>
    <ClCompile Include="LVGL\font\lv_font_fmt_txt.c">
      <Filter>Source files\LVGL\font</Filter>
    </ClCompile>
    <ClCompile Include="LVGL\font\lv_font_dejavu_16_persian_hebrew.c">
      <Filter>Source files\LVGL\font</Filter>
    </ClCompile>
    <ClCompile Include="LVGL\font\lv_font_loader.c">
      <Filter>Source files\LVGL\font</Filter>
    </ClCompile>
    <ClCompile Include="LVGL\font\lv_font_montserrat_8.c">
      <Filter>Source files\LVGL\font</Filter>
    </ClCompile>
    <ClCompile Include="LVGL\font\lv_font_montserrat_10.c">
      <Filter>Source files\LVGL\font</Filter>
    </ClCompile>
    <ClCompile Include="LVGL\font\lv_font_montserrat_12.c">
      <Filter>Source files\LVGL\font</Filter>
    </ClCompile>
    <ClCompile Include="LVGL\font\lv_font_montserrat_12_subpx.c">
      <Filter>Source files\LVGL\font</Filter>
    </ClCompile>
    <ClCompile Include="LVGL\font\lv_font_montserrat_16.c">
      <Filter>Source files\LVGL\font</Filter>
    </ClCompile>
    <ClCompile Include="LVGL\font\lv_font_montserrat_18.c">
      <Filter>Source files\LVGL\font</Filter>
    </ClCompile>
    <ClCompile Include="LVGL\font\lv_font_montserrat_20.c">
      <Filter>Source files\LVGL\font</Filter>
    </ClCompile>
    <ClCompile Include="LVGL\font\lv_font_montserrat_22.c">
      <Filter>Source files\LVGL\font</Filter>
    </ClCompile>
    <ClCompile Include="LVGL\font\lv_font_montserrat_24.c">
      <Filter>Source files\LVGL\font</Filter>
    </ClCompile>
    <ClCompile Include="LVGL\font\lv_font_montserrat_26.c">
      <Filter>Source files\LVGL\font</Filter>
    </ClCompile>
    <ClCompile Include="LVGL\font\lv_font_montserrat_28_compressed.c">
      <Filter>Source files\LVGL\font</Filter>
    </ClCompile>
    <ClCompile Include="LVGL\font\lv_font_montserrat_30.c">
      <Filter>Source files\LVGL\font</Filter>
    </ClCompile>
    <ClCompile Include="LVGL\font\lv_font_montserrat_32.c">
      <Filter>Source files\LVGL\font</Filter>
    </ClCompile>
    <ClCompile Include="LVGL\font\lv_font_montserrat_34.c">
      <Filter>Source files\LVGL\font</Filter>
    </ClCompile>
    <ClCompile Include="LVGL\font\lv_font_montserrat_36.c">
      <Filter>Source files\LVGL\font</Filter>
    </ClCompile>
    <ClCompile Include="LVGL\font\lv_font_montserrat_38.c">
      <Filter>Source files\LVGL\font</Filter>
    </ClCompile>
    <ClCompile Include="LVGL\font\lv_font_montserrat_40.c">
      <Filter>Source files\LVGL\font</Filter>
    </ClCompile>
    <ClCompile Include="LVGL\font\lv_font_montserrat_42.c">
      <Filter>Source files\LVGL\font</Filter>
    </ClCompile>
    <ClCompile Include="LVGL\font\lv_font_montserrat_44.c">
      <Filter>Source files\LVGL\font</Filter>
    </ClCompile>
    <ClCompile Include="LVGL\font\lv_font_montserrat_46.c">
      <Filter>Source files\LVGL\font</Filter>
    </ClCompile>
    <ClCompile Include="LVGL\font\lv_font_montserrat_48.c">
      <Filter>Source files\LVGL\font</Filter>
    </ClCompile>
    <ClCompile Include="LVGL\font\lv_font_simsun_16_cjk.c">
      <Filter>Source files\LVGL\font</Filter>
    </ClCompile>
    <ClCompile Include="LVGL\font\lv_font_unscii_8.c">
      <Filter>Source files\LVGL\font</Filter>
    </ClCompile>
    <ClCompile Include="LVGL\font\lv_font_unscii_16.c">
      <Filter>Source files\LVGL\font</Filter>
    </ClCompile>
  </ItemGroup>
  <ItemGroup>
    <ClInclude Include="lv_conf.h">
      <Filter>Header files\LVGL</Filter>
    </ClInclude>
    <ClInclude Include="lvgl.h">
      <Filter>Header files\LVGL</Filter>
    </ClInclude>
  </ItemGroup>
</Project>